
Microsoft Visual Studio Solution File, Format Version 12.00
# 
Project("{2150E333-8FDC-42A3-9474-1A3956D46DE8}") = "framework", "framework", "{184FCDC8-F75F-4464-A47A-2D92FF6A63E6}"
EndProject
Project("{2150E333-8FDC-42A3-9474-1A3956D46DE8}") = "src", "src", "{834DCCAC-320C-473C-BFB3-CFAA4D30A3A2}"
EndProject
Project("{FAE04EC0-301F-11D3-BF4B-00C04F79EFBC}") = "Full.Abp.AntDesignUI", "framework\src\Full.Abp.AntDesignUI\Full.Abp.AntDesignUI.csproj", "{B2BBFDF6-7F7B-4149-AA7B-10006EF51F74}"
EndProject
Project("{FAE04EC0-301F-11D3-BF4B-00C04F79EFBC}") = "Full.Abp.Ids", "framework\src\Full.Abp.Ids\Full.Abp.Ids.csproj", "{7AA94AEA-C0F1-405B-9618-55BE283F9946}"
EndProject
Project("{2150E333-8FDC-42A3-9474-1A3956D46DE8}") = "test", "test", "{78EB69E0-0AA6-4EEA-B430-85C22519B8E1}"
EndProject
Project("{FAE04EC0-301F-11D3-BF4B-00C04F79EFBC}") = "Full.Abp.Ids.Tests", "framework\test\Full.Abp.Ids.Tests\Full.Abp.Ids.Tests.csproj", "{14D378DE-C06F-42E8-B16B-AC339F6923DE}"
EndProject
Project("{2150E333-8FDC-42A3-9474-1A3956D46DE8}") = "modules", "modules", "{45107E7A-53B9-443D-A17A-763F6DDBE5B8}"
EndProject
Project("{2150E333-8FDC-42A3-9474-1A3956D46DE8}") = "AntDesignTheme", "AntDesignTheme", "{C9342372-4324-4E42-AB49-EA3A29417821}"
EndProject
Project("{2150E333-8FDC-42A3-9474-1A3956D46DE8}") = "samples", "samples", "{CB4FDAAA-A148-4C83-8744-0C160DB26CB3}"
EndProject
Project("{2150E333-8FDC-42A3-9474-1A3956D46DE8}") = "BookStore", "BookStore", "{BA4B21A1-2F54-4EBC-BCEC-D38D02285ECA}"
EndProject
Project("{2150E333-8FDC-42A3-9474-1A3956D46DE8}") = "src", "src", "{31142E57-919D-40A9-8956-11BD8A9016C6}"
EndProject
Project("{FAE04EC0-301F-11D3-BF4B-00C04F79EFBC}") = "BookStore.Application", "modules\AntDesignTheme\samples\BookStore\src\BookStore.Application\BookStore.Application.csproj", "{485A54B5-BC09-42B5-91BA-05D6DF97D827}"
EndProject
Project("{FAE04EC0-301F-11D3-BF4B-00C04F79EFBC}") = "BookStore.Application.Contracts", "modules\AntDesignTheme\samples\BookStore\src\BookStore.Application.Contracts\BookStore.Application.Contracts.csproj", "{B89DC00B-9EDD-409B-AC28-8859D76DFFFB}"
EndProject
Project("{FAE04EC0-301F-11D3-BF4B-00C04F79EFBC}") = "BookStore.Blazor", "modules\AntDesignTheme\samples\BookStore\src\BookStore.Blazor\BookStore.Blazor.csproj", "{BCD2CE5D-FF7B-4328-A81C-C3ED88F8BEBD}"
EndProject
Project("{FAE04EC0-301F-11D3-BF4B-00C04F79EFBC}") = "BookStore.BlazorServer", "modules\AntDesignTheme\samples\BookStore\src\BookStore.BlazorServer\BookStore.BlazorServer.csproj", "{91DD07B4-7A7F-4679-A026-5696423C336E}"
EndProject
Project("{FAE04EC0-301F-11D3-BF4B-00C04F79EFBC}") = "BookStore.DbMigrator", "modules\AntDesignTheme\samples\BookStore\src\BookStore.DbMigrator\BookStore.DbMigrator.csproj", "{60577F5F-6E28-4358-8C47-6717298F156D}"
EndProject
Project("{FAE04EC0-301F-11D3-BF4B-00C04F79EFBC}") = "BookStore.Domain", "modules\AntDesignTheme\samples\BookStore\src\BookStore.Domain\BookStore.Domain.csproj", "{FDF3BAD4-EEC3-4A0E-84A6-60E4FD88841C}"
EndProject
Project("{FAE04EC0-301F-11D3-BF4B-00C04F79EFBC}") = "BookStore.Domain.Shared", "modules\AntDesignTheme\samples\BookStore\src\BookStore.Domain.Shared\BookStore.Domain.Shared.csproj", "{814DC5E5-2187-45EC-88EB-DBD7FCB047EF}"
EndProject
Project("{FAE04EC0-301F-11D3-BF4B-00C04F79EFBC}") = "BookStore.EntityFrameworkCore", "modules\AntDesignTheme\samples\BookStore\src\BookStore.EntityFrameworkCore\BookStore.EntityFrameworkCore.csproj", "{CC87D374-69BE-4230-93B3-FD87DD75A8F5}"
EndProject
Project("{FAE04EC0-301F-11D3-BF4B-00C04F79EFBC}") = "BookStore.HttpApi", "modules\AntDesignTheme\samples\BookStore\src\BookStore.HttpApi\BookStore.HttpApi.csproj", "{D8A7D53E-97A7-42EC-B952-D713C6A71133}"
EndProject
Project("{FAE04EC0-301F-11D3-BF4B-00C04F79EFBC}") = "BookStore.HttpApi.Client", "modules\AntDesignTheme\samples\BookStore\src\BookStore.HttpApi.Client\BookStore.HttpApi.Client.csproj", "{BF5E1C2B-D3CC-4920-BD4E-CF5538BFC70D}"
EndProject
Project("{FAE04EC0-301F-11D3-BF4B-00C04F79EFBC}") = "BookStore.HttpApi.Host", "modules\AntDesignTheme\samples\BookStore\src\BookStore.HttpApi.Host\BookStore.HttpApi.Host.csproj", "{9F6F0365-DA96-4CEF-8AA9-8B1AF8658E51}"
EndProject
Project("{2150E333-8FDC-42A3-9474-1A3956D46DE8}") = "src", "src", "{DEA1F603-A112-4D8F-A845-11F906840070}"
EndProject
Project("{FAE04EC0-301F-11D3-BF4B-00C04F79EFBC}") = "Full.Abp.AspnetCore.Components.Server.AntDesignTheme", "modules\AntDesignTheme\src\Full.Abp.AspnetCore.Components.Server.AntDesignTheme\Full.Abp.AspnetCore.Components.Server.AntDesignTheme.csproj", "{0B4A6675-C819-419C-BF52-D83329623C2E}"
EndProject
Project("{FAE04EC0-301F-11D3-BF4B-00C04F79EFBC}") = "Full.Abp.AspnetCore.Components.Web.AntDesignTheme", "modules\AntDesignTheme\src\Full.Abp.AspnetCore.Components.Web.AntDesignTheme\Full.Abp.AspnetCore.Components.Web.AntDesignTheme.csproj", "{43513CCF-DF05-46C0-B0B4-6FEF81EA85A9}"
EndProject
Project("{FAE04EC0-301F-11D3-BF4B-00C04F79EFBC}") = "Full.Abp.AspnetCore.Components.WebAssembly.AntDesignTheme", "modules\AntDesignTheme\src\Full.Abp.AspnetCore.Components.WebAssembly.AntDesignTheme\Full.Abp.AspnetCore.Components.WebAssembly.AntDesignTheme.csproj", "{C450537C-DEAF-4EAE-9CA6-97AC20AB922D}"
EndProject
Project("{2150E333-8FDC-42A3-9474-1A3956D46DE8}") = "FeatureManagement", "FeatureManagement", "{EC7412D0-8450-4775-8648-2A1AB63F1CCB}"
EndProject
Project("{2150E333-8FDC-42A3-9474-1A3956D46DE8}") = "src", "src", "{01F162CC-CF1D-407D-B52E-9E5BA6041ABF}"
EndProject
Project("{FAE04EC0-301F-11D3-BF4B-00C04F79EFBC}") = "Full.Abp.FeatureManagement.Blazor.AntDesignUI", "modules\FeatureManagement\src\Full.Abp.FeatureManagement.Blazor.AntDesignUI\Full.Abp.FeatureManagement.Blazor.AntDesignUI.csproj", "{041910AE-650A-470B-ADE0-9E6C68377203}"
EndProject
Project("{FAE04EC0-301F-11D3-BF4B-00C04F79EFBC}") = "Full.Abp.FeatureManagement.Blazor.Server.AntDesignUI", "modules\FeatureManagement\src\Full.Abp.FeatureManagement.Blazor.Server.AntDesignUI\Full.Abp.FeatureManagement.Blazor.Server.AntDesignUI.csproj", "{B9C3B957-D914-410A-AC82-9F9A47FEBB31}"
EndProject
Project("{FAE04EC0-301F-11D3-BF4B-00C04F79EFBC}") = "Full.Abp.FeatureManagement.Blazor.WebAssembly.AntDesignUI", "modules\FeatureManagement\src\Full.Abp.FeatureManagement.Blazor.WebAssembly.AntDesignUI\Full.Abp.FeatureManagement.Blazor.WebAssembly.AntDesignUI.csproj", "{3C4B12BA-436B-4BA7-86EC-40F83B8ECC17}"
EndProject
Project("{2150E333-8FDC-42A3-9474-1A3956D46DE8}") = "identity", "identity", "{7A63C351-32C4-44AB-B315-35A103C47EBB}"
EndProject
Project("{2150E333-8FDC-42A3-9474-1A3956D46DE8}") = "src", "src", "{743C7497-92EA-4553-955B-C46888CF0603}"
EndProject
Project("{FAE04EC0-301F-11D3-BF4B-00C04F79EFBC}") = "Full.Abp.Identity.Domain", "modules\identity\src\Full.Abp.Identity.Domain\Full.Abp.Identity.Domain.csproj", "{FE976DF9-3691-470D-B7C4-0D7300B4DA44}"
EndProject
Project("{FAE04EC0-301F-11D3-BF4B-00C04F79EFBC}") = "Full.Abp.Identity.EntityFrameworkCore", "modules\identity\src\Full.Abp.Identity.EntityFrameworkCore\Full.Abp.Identity.EntityFrameworkCore.csproj", "{ADAE45A7-8B29-46D0-BF39-DEB0BB435CA7}"
EndProject
Project("{2150E333-8FDC-42A3-9474-1A3956D46DE8}") = "IdentityManagement", "IdentityManagement", "{510667A5-449E-4A95-8943-586FF9D99F34}"
EndProject
Project("{2150E333-8FDC-42A3-9474-1A3956D46DE8}") = "src", "src", "{EE37C3CA-4CE0-41AD-BC79-9DB1C6A68516}"
EndProject
Project("{FAE04EC0-301F-11D3-BF4B-00C04F79EFBC}") = "Full.Abp.IdentityManagement.Blazor.AntDesignUI", "modules\IdentityManagement\src\Full.Abp.IdentityManagement.Blazor.AntDesignUI\Full.Abp.IdentityManagement.Blazor.AntDesignUI.csproj", "{660E04FB-6C87-471E-A2AC-247743845D3B}"
EndProject
Project("{FAE04EC0-301F-11D3-BF4B-00C04F79EFBC}") = "Full.Abp.IdentityManagement.Blazor.Server.AntDesignUI", "modules\IdentityManagement\src\Full.Abp.IdentityManagement.Blazor.Server.AntDesignUI\Full.Abp.IdentityManagement.Blazor.Server.AntDesignUI.csproj", "{E718DDBE-6B0B-4D92-918A-4154A127BB0B}"
EndProject
Project("{FAE04EC0-301F-11D3-BF4B-00C04F79EFBC}") = "Full.Abp.IdentityManagement.Blazor.WebAssembly.AntDesignUI", "modules\IdentityManagement\src\Full.Abp.IdentityManagement.Blazor.WebAssembly.AntDesignUI\Full.Abp.IdentityManagement.Blazor.WebAssembly.AntDesignUI.csproj", "{A984C858-8F03-4D8E-8335-32461228B94E}"
EndProject
Project("{2150E333-8FDC-42A3-9474-1A3956D46DE8}") = "PermissionManagement", "PermissionManagement", "{D38BAD45-89DA-4ADF-93E9-C9CEC467F5A7}"
EndProject
Project("{2150E333-8FDC-42A3-9474-1A3956D46DE8}") = "src", "src", "{284C906B-9F14-420A-A1B4-4C4564ED15CE}"
EndProject
Project("{FAE04EC0-301F-11D3-BF4B-00C04F79EFBC}") = "Full.Abp.PermissionManagement.Blazor.AntDesignUI", "modules\PermissionManagement\src\Full.Abp.PermissionManagement.Blazor.AntDesignUI\Full.Abp.PermissionManagement.Blazor.AntDesignUI.csproj", "{1CE0DF06-AB9A-4A40-93B4-0F1CFC968042}"
EndProject
Project("{FAE04EC0-301F-11D3-BF4B-00C04F79EFBC}") = "Full.Abp.PermissionManagement.Blazor.Server.AntDesignUI", "modules\PermissionManagement\src\Full.Abp.PermissionManagement.Blazor.Server.AntDesignUI\Full.Abp.PermissionManagement.Blazor.Server.AntDesignUI.csproj", "{2F58994C-3548-46B8-8446-03903690B8A4}"
EndProject
Project("{FAE04EC0-301F-11D3-BF4B-00C04F79EFBC}") = "Full.Abp.PermissionManagement.Blazor.WebAssembly.AntDesignUI", "modules\PermissionManagement\src\Full.Abp.PermissionManagement.Blazor.WebAssembly.AntDesignUI\Full.Abp.PermissionManagement.Blazor.WebAssembly.AntDesignUI.csproj", "{6348366C-0D8C-4AF9-946A-47322B7A7B9E}"
EndProject
Project("{2150E333-8FDC-42A3-9474-1A3956D46DE8}") = "SettingManagement", "SettingManagement", "{4E5D8416-F6AA-4196-96A5-E026976CD170}"
EndProject
Project("{2150E333-8FDC-42A3-9474-1A3956D46DE8}") = "src", "src", "{E7297DBF-6FEC-4F9A-8FBB-577BB080C0CC}"
EndProject
Project("{FAE04EC0-301F-11D3-BF4B-00C04F79EFBC}") = "Full.Abp.SettingManagement.Blazor.AntDesignUI", "modules\SettingManagement\src\Full.Abp.SettingManagement.Blazor.AntDesignUI\Full.Abp.SettingManagement.Blazor.AntDesignUI.csproj", "{E07CE098-610D-4B2C-B77B-28B004A234D3}"
EndProject
Project("{FAE04EC0-301F-11D3-BF4B-00C04F79EFBC}") = "Full.Abp.SettingManagement.Blazor.Server.AntDesignUI", "modules\SettingManagement\src\Full.Abp.SettingManagement.Blazor.Server.AntDesignUI\Full.Abp.SettingManagement.Blazor.Server.AntDesignUI.csproj", "{7DA973C3-39AD-432C-8AEB-52BE7D6021B4}"
EndProject
Project("{FAE04EC0-301F-11D3-BF4B-00C04F79EFBC}") = "Full.Abp.SettingManagement.Blazor.WebAssembly.AntDesignUI", "modules\SettingManagement\src\Full.Abp.SettingManagement.Blazor.WebAssembly.AntDesignUI\Full.Abp.SettingManagement.Blazor.WebAssembly.AntDesignUI.csproj", "{48A32EBD-1117-4546-989E-42F9B9E744EA}"
EndProject
Project("{2150E333-8FDC-42A3-9474-1A3956D46DE8}") = "TenantManagement", "TenantManagement", "{6094771D-E63F-405C-AF07-9AD14BE91CA9}"
EndProject
Project("{2150E333-8FDC-42A3-9474-1A3956D46DE8}") = "src", "src", "{389A79AF-A17C-4043-BC4E-FC1312F273C8}"
EndProject
Project("{FAE04EC0-301F-11D3-BF4B-00C04F79EFBC}") = "Full.Abp.TenantManagement.Blazor.AntDesignUI", "modules\TenantManagement\src\Full.Abp.TenantManagement.Blazor.AntDesignUI\Full.Abp.TenantManagement.Blazor.AntDesignUI.csproj", "{0C34EE90-22D3-4647-A576-65F8DA7E8169}"
EndProject
Project("{FAE04EC0-301F-11D3-BF4B-00C04F79EFBC}") = "Full.Abp.TenantManagement.Blazor.Server.AntDesignUI", "modules\TenantManagement\src\Full.Abp.TenantManagement.Blazor.Server.AntDesignUI\Full.Abp.TenantManagement.Blazor.Server.AntDesignUI.csproj", "{DD659AC4-A606-4E0C-8E7D-B3C274D2E260}"
EndProject
Project("{FAE04EC0-301F-11D3-BF4B-00C04F79EFBC}") = "Full.Abp.TenantManagement.Blazor.WebAssembly.AntDesignUI", "modules\TenantManagement\src\Full.Abp.TenantManagement.Blazor.WebAssembly.AntDesignUI\Full.Abp.TenantManagement.Blazor.WebAssembly.AntDesignUI.csproj", "{703F936A-CC93-451C-A557-7566926FAB63}"
EndProject
Project("{2150E333-8FDC-42A3-9474-1A3956D46DE8}") = "themes", "themes", "{A2D00EBC-2662-4E11-9E65-99D8CA0B922E}"
EndProject
Project("{2150E333-8FDC-42A3-9474-1A3956D46DE8}") = "basic-layouts", "basic-layouts", "{408DD07F-937C-4BE7-B4F5-4A7777CF6FC6}"
EndProject
Project("{2150E333-8FDC-42A3-9474-1A3956D46DE8}") = "host", "host", "{D1EB9FA3-8767-450B-9518-2EA612149D18}"
EndProject
Project("{FAE04EC0-301F-11D3-BF4B-00C04F79EFBC}") = "Demo.Blazor.Server.Host", "themes\basic-layouts\host\Demo.Blazor.Server.Host\Demo.Blazor.Server.Host.csproj", "{90E951B4-D787-4F1D-8602-E7053ACE055E}"
EndProject
Project("{2150E333-8FDC-42A3-9474-1A3956D46DE8}") = "src", "src", "{6DBA8C6F-6102-43FA-A8ED-03CFE5AE4A4F}"
EndProject
Project("{FAE04EC0-301F-11D3-BF4B-00C04F79EFBC}") = "Full.Abp.AspNetCore.Components.Server.BasicTheme", "themes\basic-layouts\src\Full.Abp.AspNetCore.Components.Server.BasicTheme\Full.Abp.AspNetCore.Components.Server.BasicTheme.csproj", "{F0E529B0-A3E2-4EA6-B597-A4F247F46486}"
EndProject
Project("{FAE04EC0-301F-11D3-BF4B-00C04F79EFBC}") = "Full.Abp.AspNetCore.Components.Web.BasicTheme", "themes\basic-layouts\src\Full.Abp.AspNetCore.Components.Web.BasicTheme\Full.Abp.AspNetCore.Components.Web.BasicTheme.csproj", "{C5C358BA-73B7-44B4-89B6-3F4EED60DA6A}"
EndProject
Project("{FAE04EC0-301F-11D3-BF4B-00C04F79EFBC}") = "Full.Abp.AspNetCore.Components.WebAssembly.BasicTheme", "themes\basic-layouts\src\Full.Abp.AspNetCore.Components.WebAssembly.BasicTheme\Full.Abp.AspNetCore.Components.WebAssembly.BasicTheme.csproj", "{20A7FDF5-4402-45CE-B339-D50A7FECA09E}"
EndProject
Project("{2150E333-8FDC-42A3-9474-1A3956D46DE8}") = "mud-blazor", "mud-blazor", "{89073934-6F20-4EB7-8C1D-EC42921DD735}"
EndProject
Project("{2150E333-8FDC-42A3-9474-1A3956D46DE8}") = "host", "host", "{E4ED6610-30FA-454B-B3A8-DF9E8E04991A}"
EndProject
Project("{FAE04EC0-301F-11D3-BF4B-00C04F79EFBC}") = "Demo.Blazor.Server.Host", "themes\mud-blazor\host\Demo.Blazor.Server.Host\Demo.Blazor.Server.Host.csproj", "{5D1784C4-5A4A-41DF-917B-86594CEDA4A6}"
EndProject
Project("{2150E333-8FDC-42A3-9474-1A3956D46DE8}") = "src", "src", "{6E9B9D6C-BA01-46D6-A5E7-AA3151B70697}"
EndProject
Project("{FAE04EC0-301F-11D3-BF4B-00C04F79EFBC}") = "Full.Abp.AspNetCore.Components.Server.MudTheme", "themes\mud-blazor\src\Full.Abp.AspNetCore.Components.Server.MudTheme\Full.Abp.AspNetCore.Components.Server.MudTheme.csproj", "{6CD0FC41-5865-4FC1-B80F-5DBA826CF285}"
EndProject
Project("{FAE04EC0-301F-11D3-BF4B-00C04F79EFBC}") = "Full.Abp.AspNetCore.Components.Web.MudTheme", "themes\mud-blazor\src\Full.Abp.AspNetCore.Components.Web.MudTheme\Full.Abp.AspNetCore.Components.Web.MudTheme.csproj", "{6AAA4997-B9CD-4926-BD8D-B81A29726CED}"
EndProject
Project("{FAE04EC0-301F-11D3-BF4B-00C04F79EFBC}") = "Full.Abp.AspNetCore.Components.WebAssembly.MudTheme", "themes\mud-blazor\src\Full.Abp.AspNetCore.Components.WebAssembly.MudTheme\Full.Abp.AspNetCore.Components.WebAssembly.MudTheme.csproj", "{9228AF1D-380B-4086-8D1E-ED4DA444B59C}"
EndProject
Global
	GlobalSection(SolutionConfigurationPlatforms) = preSolution
		Debug|Any CPU = Debug|Any CPU
		Release|Any CPU = Release|Any CPU
	EndGlobalSection
	GlobalSection(ProjectConfigurationPlatforms) = postSolution
		{B2BBFDF6-7F7B-4149-AA7B-10006EF51F74}.Debug|Any CPU.ActiveCfg = Debug|Any CPU
		{B2BBFDF6-7F7B-4149-AA7B-10006EF51F74}.Debug|Any CPU.Build.0 = Debug|Any CPU
		{B2BBFDF6-7F7B-4149-AA7B-10006EF51F74}.Release|Any CPU.ActiveCfg = Release|Any CPU
		{B2BBFDF6-7F7B-4149-AA7B-10006EF51F74}.Release|Any CPU.Build.0 = Release|Any CPU
		{7AA94AEA-C0F1-405B-9618-55BE283F9946}.Debug|Any CPU.ActiveCfg = Debug|Any CPU
		{7AA94AEA-C0F1-405B-9618-55BE283F9946}.Debug|Any CPU.Build.0 = Debug|Any CPU
		{7AA94AEA-C0F1-405B-9618-55BE283F9946}.Release|Any CPU.ActiveCfg = Release|Any CPU
		{7AA94AEA-C0F1-405B-9618-55BE283F9946}.Release|Any CPU.Build.0 = Release|Any CPU
		{14D378DE-C06F-42E8-B16B-AC339F6923DE}.Debug|Any CPU.ActiveCfg = Debug|Any CPU
		{14D378DE-C06F-42E8-B16B-AC339F6923DE}.Debug|Any CPU.Build.0 = Debug|Any CPU
		{14D378DE-C06F-42E8-B16B-AC339F6923DE}.Release|Any CPU.ActiveCfg = Release|Any CPU
		{14D378DE-C06F-42E8-B16B-AC339F6923DE}.Release|Any CPU.Build.0 = Release|Any CPU
		{485A54B5-BC09-42B5-91BA-05D6DF97D827}.Debug|Any CPU.ActiveCfg = Debug|Any CPU
		{485A54B5-BC09-42B5-91BA-05D6DF97D827}.Debug|Any CPU.Build.0 = Debug|Any CPU
		{485A54B5-BC09-42B5-91BA-05D6DF97D827}.Release|Any CPU.ActiveCfg = Release|Any CPU
		{485A54B5-BC09-42B5-91BA-05D6DF97D827}.Release|Any CPU.Build.0 = Release|Any CPU
		{B89DC00B-9EDD-409B-AC28-8859D76DFFFB}.Debug|Any CPU.ActiveCfg = Debug|Any CPU
		{B89DC00B-9EDD-409B-AC28-8859D76DFFFB}.Debug|Any CPU.Build.0 = Debug|Any CPU
		{B89DC00B-9EDD-409B-AC28-8859D76DFFFB}.Release|Any CPU.ActiveCfg = Release|Any CPU
		{B89DC00B-9EDD-409B-AC28-8859D76DFFFB}.Release|Any CPU.Build.0 = Release|Any CPU
		{BCD2CE5D-FF7B-4328-A81C-C3ED88F8BEBD}.Debug|Any CPU.ActiveCfg = Debug|Any CPU
		{BCD2CE5D-FF7B-4328-A81C-C3ED88F8BEBD}.Debug|Any CPU.Build.0 = Debug|Any CPU
		{BCD2CE5D-FF7B-4328-A81C-C3ED88F8BEBD}.Release|Any CPU.ActiveCfg = Release|Any CPU
		{BCD2CE5D-FF7B-4328-A81C-C3ED88F8BEBD}.Release|Any CPU.Build.0 = Release|Any CPU
		{91DD07B4-7A7F-4679-A026-5696423C336E}.Debug|Any CPU.ActiveCfg = Debug|Any CPU
		{91DD07B4-7A7F-4679-A026-5696423C336E}.Debug|Any CPU.Build.0 = Debug|Any CPU
		{91DD07B4-7A7F-4679-A026-5696423C336E}.Release|Any CPU.ActiveCfg = Release|Any CPU
		{91DD07B4-7A7F-4679-A026-5696423C336E}.Release|Any CPU.Build.0 = Release|Any CPU
		{60577F5F-6E28-4358-8C47-6717298F156D}.Debug|Any CPU.ActiveCfg = Debug|Any CPU
		{60577F5F-6E28-4358-8C47-6717298F156D}.Debug|Any CPU.Build.0 = Debug|Any CPU
		{60577F5F-6E28-4358-8C47-6717298F156D}.Release|Any CPU.ActiveCfg = Release|Any CPU
		{60577F5F-6E28-4358-8C47-6717298F156D}.Release|Any CPU.Build.0 = Release|Any CPU
		{FDF3BAD4-EEC3-4A0E-84A6-60E4FD88841C}.Debug|Any CPU.ActiveCfg = Debug|Any CPU
		{FDF3BAD4-EEC3-4A0E-84A6-60E4FD88841C}.Debug|Any CPU.Build.0 = Debug|Any CPU
		{FDF3BAD4-EEC3-4A0E-84A6-60E4FD88841C}.Release|Any CPU.ActiveCfg = Release|Any CPU
		{FDF3BAD4-EEC3-4A0E-84A6-60E4FD88841C}.Release|Any CPU.Build.0 = Release|Any CPU
		{814DC5E5-2187-45EC-88EB-DBD7FCB047EF}.Debug|Any CPU.ActiveCfg = Debug|Any CPU
		{814DC5E5-2187-45EC-88EB-DBD7FCB047EF}.Debug|Any CPU.Build.0 = Debug|Any CPU
		{814DC5E5-2187-45EC-88EB-DBD7FCB047EF}.Release|Any CPU.ActiveCfg = Release|Any CPU
		{814DC5E5-2187-45EC-88EB-DBD7FCB047EF}.Release|Any CPU.Build.0 = Release|Any CPU
		{CC87D374-69BE-4230-93B3-FD87DD75A8F5}.Debug|Any CPU.ActiveCfg = Debug|Any CPU
		{CC87D374-69BE-4230-93B3-FD87DD75A8F5}.Debug|Any CPU.Build.0 = Debug|Any CPU
		{CC87D374-69BE-4230-93B3-FD87DD75A8F5}.Release|Any CPU.ActiveCfg = Release|Any CPU
		{CC87D374-69BE-4230-93B3-FD87DD75A8F5}.Release|Any CPU.Build.0 = Release|Any CPU
		{D8A7D53E-97A7-42EC-B952-D713C6A71133}.Debug|Any CPU.ActiveCfg = Debug|Any CPU
		{D8A7D53E-97A7-42EC-B952-D713C6A71133}.Debug|Any CPU.Build.0 = Debug|Any CPU
		{D8A7D53E-97A7-42EC-B952-D713C6A71133}.Release|Any CPU.ActiveCfg = Release|Any CPU
		{D8A7D53E-97A7-42EC-B952-D713C6A71133}.Release|Any CPU.Build.0 = Release|Any CPU
		{BF5E1C2B-D3CC-4920-BD4E-CF5538BFC70D}.Debug|Any CPU.ActiveCfg = Debug|Any CPU
		{BF5E1C2B-D3CC-4920-BD4E-CF5538BFC70D}.Debug|Any CPU.Build.0 = Debug|Any CPU
		{BF5E1C2B-D3CC-4920-BD4E-CF5538BFC70D}.Release|Any CPU.ActiveCfg = Release|Any CPU
		{BF5E1C2B-D3CC-4920-BD4E-CF5538BFC70D}.Release|Any CPU.Build.0 = Release|Any CPU
		{9F6F0365-DA96-4CEF-8AA9-8B1AF8658E51}.Debug|Any CPU.ActiveCfg = Debug|Any CPU
		{9F6F0365-DA96-4CEF-8AA9-8B1AF8658E51}.Debug|Any CPU.Build.0 = Debug|Any CPU
		{9F6F0365-DA96-4CEF-8AA9-8B1AF8658E51}.Release|Any CPU.ActiveCfg = Release|Any CPU
		{9F6F0365-DA96-4CEF-8AA9-8B1AF8658E51}.Release|Any CPU.Build.0 = Release|Any CPU
		{0B4A6675-C819-419C-BF52-D83329623C2E}.Debug|Any CPU.ActiveCfg = Debug|Any CPU
		{0B4A6675-C819-419C-BF52-D83329623C2E}.Debug|Any CPU.Build.0 = Debug|Any CPU
		{0B4A6675-C819-419C-BF52-D83329623C2E}.Release|Any CPU.ActiveCfg = Release|Any CPU
		{0B4A6675-C819-419C-BF52-D83329623C2E}.Release|Any CPU.Build.0 = Release|Any CPU
		{43513CCF-DF05-46C0-B0B4-6FEF81EA85A9}.Debug|Any CPU.ActiveCfg = Debug|Any CPU
		{43513CCF-DF05-46C0-B0B4-6FEF81EA85A9}.Debug|Any CPU.Build.0 = Debug|Any CPU
		{43513CCF-DF05-46C0-B0B4-6FEF81EA85A9}.Release|Any CPU.ActiveCfg = Release|Any CPU
		{43513CCF-DF05-46C0-B0B4-6FEF81EA85A9}.Release|Any CPU.Build.0 = Release|Any CPU
		{C450537C-DEAF-4EAE-9CA6-97AC20AB922D}.Debug|Any CPU.ActiveCfg = Debug|Any CPU
		{C450537C-DEAF-4EAE-9CA6-97AC20AB922D}.Debug|Any CPU.Build.0 = Debug|Any CPU
		{C450537C-DEAF-4EAE-9CA6-97AC20AB922D}.Release|Any CPU.ActiveCfg = Release|Any CPU
		{C450537C-DEAF-4EAE-9CA6-97AC20AB922D}.Release|Any CPU.Build.0 = Release|Any CPU
		{041910AE-650A-470B-ADE0-9E6C68377203}.Debug|Any CPU.ActiveCfg = Debug|Any CPU
		{041910AE-650A-470B-ADE0-9E6C68377203}.Debug|Any CPU.Build.0 = Debug|Any CPU
		{041910AE-650A-470B-ADE0-9E6C68377203}.Release|Any CPU.ActiveCfg = Release|Any CPU
		{041910AE-650A-470B-ADE0-9E6C68377203}.Release|Any CPU.Build.0 = Release|Any CPU
		{B9C3B957-D914-410A-AC82-9F9A47FEBB31}.Debug|Any CPU.ActiveCfg = Debug|Any CPU
		{B9C3B957-D914-410A-AC82-9F9A47FEBB31}.Debug|Any CPU.Build.0 = Debug|Any CPU
		{B9C3B957-D914-410A-AC82-9F9A47FEBB31}.Release|Any CPU.ActiveCfg = Release|Any CPU
		{B9C3B957-D914-410A-AC82-9F9A47FEBB31}.Release|Any CPU.Build.0 = Release|Any CPU
		{3C4B12BA-436B-4BA7-86EC-40F83B8ECC17}.Debug|Any CPU.ActiveCfg = Debug|Any CPU
		{3C4B12BA-436B-4BA7-86EC-40F83B8ECC17}.Debug|Any CPU.Build.0 = Debug|Any CPU
		{3C4B12BA-436B-4BA7-86EC-40F83B8ECC17}.Release|Any CPU.ActiveCfg = Release|Any CPU
		{3C4B12BA-436B-4BA7-86EC-40F83B8ECC17}.Release|Any CPU.Build.0 = Release|Any CPU
		{FE976DF9-3691-470D-B7C4-0D7300B4DA44}.Debug|Any CPU.ActiveCfg = Debug|Any CPU
		{FE976DF9-3691-470D-B7C4-0D7300B4DA44}.Debug|Any CPU.Build.0 = Debug|Any CPU
		{FE976DF9-3691-470D-B7C4-0D7300B4DA44}.Release|Any CPU.ActiveCfg = Release|Any CPU
		{FE976DF9-3691-470D-B7C4-0D7300B4DA44}.Release|Any CPU.Build.0 = Release|Any CPU
		{ADAE45A7-8B29-46D0-BF39-DEB0BB435CA7}.Debug|Any CPU.ActiveCfg = Debug|Any CPU
		{ADAE45A7-8B29-46D0-BF39-DEB0BB435CA7}.Debug|Any CPU.Build.0 = Debug|Any CPU
		{ADAE45A7-8B29-46D0-BF39-DEB0BB435CA7}.Release|Any CPU.ActiveCfg = Release|Any CPU
		{ADAE45A7-8B29-46D0-BF39-DEB0BB435CA7}.Release|Any CPU.Build.0 = Release|Any CPU
		{660E04FB-6C87-471E-A2AC-247743845D3B}.Debug|Any CPU.ActiveCfg = Debug|Any CPU
		{660E04FB-6C87-471E-A2AC-247743845D3B}.Debug|Any CPU.Build.0 = Debug|Any CPU
		{660E04FB-6C87-471E-A2AC-247743845D3B}.Release|Any CPU.ActiveCfg = Release|Any CPU
		{660E04FB-6C87-471E-A2AC-247743845D3B}.Release|Any CPU.Build.0 = Release|Any CPU
		{E718DDBE-6B0B-4D92-918A-4154A127BB0B}.Debug|Any CPU.ActiveCfg = Debug|Any CPU
		{E718DDBE-6B0B-4D92-918A-4154A127BB0B}.Debug|Any CPU.Build.0 = Debug|Any CPU
		{E718DDBE-6B0B-4D92-918A-4154A127BB0B}.Release|Any CPU.ActiveCfg = Release|Any CPU
		{E718DDBE-6B0B-4D92-918A-4154A127BB0B}.Release|Any CPU.Build.0 = Release|Any CPU
		{A984C858-8F03-4D8E-8335-32461228B94E}.Debug|Any CPU.ActiveCfg = Debug|Any CPU
		{A984C858-8F03-4D8E-8335-32461228B94E}.Debug|Any CPU.Build.0 = Debug|Any CPU
		{A984C858-8F03-4D8E-8335-32461228B94E}.Release|Any CPU.ActiveCfg = Release|Any CPU
		{A984C858-8F03-4D8E-8335-32461228B94E}.Release|Any CPU.Build.0 = Release|Any CPU
		{1CE0DF06-AB9A-4A40-93B4-0F1CFC968042}.Debug|Any CPU.ActiveCfg = Debug|Any CPU
		{1CE0DF06-AB9A-4A40-93B4-0F1CFC968042}.Debug|Any CPU.Build.0 = Debug|Any CPU
		{1CE0DF06-AB9A-4A40-93B4-0F1CFC968042}.Release|Any CPU.ActiveCfg = Release|Any CPU
		{1CE0DF06-AB9A-4A40-93B4-0F1CFC968042}.Release|Any CPU.Build.0 = Release|Any CPU
		{2F58994C-3548-46B8-8446-03903690B8A4}.Debug|Any CPU.ActiveCfg = Debug|Any CPU
		{2F58994C-3548-46B8-8446-03903690B8A4}.Debug|Any CPU.Build.0 = Debug|Any CPU
		{2F58994C-3548-46B8-8446-03903690B8A4}.Release|Any CPU.ActiveCfg = Release|Any CPU
		{2F58994C-3548-46B8-8446-03903690B8A4}.Release|Any CPU.Build.0 = Release|Any CPU
		{6348366C-0D8C-4AF9-946A-47322B7A7B9E}.Debug|Any CPU.ActiveCfg = Debug|Any CPU
		{6348366C-0D8C-4AF9-946A-47322B7A7B9E}.Debug|Any CPU.Build.0 = Debug|Any CPU
		{6348366C-0D8C-4AF9-946A-47322B7A7B9E}.Release|Any CPU.ActiveCfg = Release|Any CPU
		{6348366C-0D8C-4AF9-946A-47322B7A7B9E}.Release|Any CPU.Build.0 = Release|Any CPU
		{E07CE098-610D-4B2C-B77B-28B004A234D3}.Debug|Any CPU.ActiveCfg = Debug|Any CPU
		{E07CE098-610D-4B2C-B77B-28B004A234D3}.Debug|Any CPU.Build.0 = Debug|Any CPU
		{E07CE098-610D-4B2C-B77B-28B004A234D3}.Release|Any CPU.ActiveCfg = Release|Any CPU
		{E07CE098-610D-4B2C-B77B-28B004A234D3}.Release|Any CPU.Build.0 = Release|Any CPU
		{7DA973C3-39AD-432C-8AEB-52BE7D6021B4}.Debug|Any CPU.ActiveCfg = Debug|Any CPU
		{7DA973C3-39AD-432C-8AEB-52BE7D6021B4}.Debug|Any CPU.Build.0 = Debug|Any CPU
		{7DA973C3-39AD-432C-8AEB-52BE7D6021B4}.Release|Any CPU.ActiveCfg = Release|Any CPU
		{7DA973C3-39AD-432C-8AEB-52BE7D6021B4}.Release|Any CPU.Build.0 = Release|Any CPU
		{48A32EBD-1117-4546-989E-42F9B9E744EA}.Debug|Any CPU.ActiveCfg = Debug|Any CPU
		{48A32EBD-1117-4546-989E-42F9B9E744EA}.Debug|Any CPU.Build.0 = Debug|Any CPU
		{48A32EBD-1117-4546-989E-42F9B9E744EA}.Release|Any CPU.ActiveCfg = Release|Any CPU
		{48A32EBD-1117-4546-989E-42F9B9E744EA}.Release|Any CPU.Build.0 = Release|Any CPU
		{0C34EE90-22D3-4647-A576-65F8DA7E8169}.Debug|Any CPU.ActiveCfg = Debug|Any CPU
		{0C34EE90-22D3-4647-A576-65F8DA7E8169}.Debug|Any CPU.Build.0 = Debug|Any CPU
		{0C34EE90-22D3-4647-A576-65F8DA7E8169}.Release|Any CPU.ActiveCfg = Release|Any CPU
		{0C34EE90-22D3-4647-A576-65F8DA7E8169}.Release|Any CPU.Build.0 = Release|Any CPU
		{DD659AC4-A606-4E0C-8E7D-B3C274D2E260}.Debug|Any CPU.ActiveCfg = Debug|Any CPU
		{DD659AC4-A606-4E0C-8E7D-B3C274D2E260}.Debug|Any CPU.Build.0 = Debug|Any CPU
		{DD659AC4-A606-4E0C-8E7D-B3C274D2E260}.Release|Any CPU.ActiveCfg = Release|Any CPU
		{DD659AC4-A606-4E0C-8E7D-B3C274D2E260}.Release|Any CPU.Build.0 = Release|Any CPU
		{703F936A-CC93-451C-A557-7566926FAB63}.Debug|Any CPU.ActiveCfg = Debug|Any CPU
		{703F936A-CC93-451C-A557-7566926FAB63}.Debug|Any CPU.Build.0 = Debug|Any CPU
		{703F936A-CC93-451C-A557-7566926FAB63}.Release|Any CPU.ActiveCfg = Release|Any CPU
		{703F936A-CC93-451C-A557-7566926FAB63}.Release|Any CPU.Build.0 = Release|Any CPU
		{90E951B4-D787-4F1D-8602-E7053ACE055E}.Debug|Any CPU.ActiveCfg = Debug|Any CPU
		{90E951B4-D787-4F1D-8602-E7053ACE055E}.Debug|Any CPU.Build.0 = Debug|Any CPU
		{90E951B4-D787-4F1D-8602-E7053ACE055E}.Release|Any CPU.ActiveCfg = Release|Any CPU
		{90E951B4-D787-4F1D-8602-E7053ACE055E}.Release|Any CPU.Build.0 = Release|Any CPU
		{F0E529B0-A3E2-4EA6-B597-A4F247F46486}.Debug|Any CPU.ActiveCfg = Debug|Any CPU
		{F0E529B0-A3E2-4EA6-B597-A4F247F46486}.Debug|Any CPU.Build.0 = Debug|Any CPU
		{F0E529B0-A3E2-4EA6-B597-A4F247F46486}.Release|Any CPU.ActiveCfg = Release|Any CPU
		{F0E529B0-A3E2-4EA6-B597-A4F247F46486}.Release|Any CPU.Build.0 = Release|Any CPU
		{C5C358BA-73B7-44B4-89B6-3F4EED60DA6A}.Debug|Any CPU.ActiveCfg = Debug|Any CPU
		{C5C358BA-73B7-44B4-89B6-3F4EED60DA6A}.Debug|Any CPU.Build.0 = Debug|Any CPU
		{C5C358BA-73B7-44B4-89B6-3F4EED60DA6A}.Release|Any CPU.ActiveCfg = Release|Any CPU
		{C5C358BA-73B7-44B4-89B6-3F4EED60DA6A}.Release|Any CPU.Build.0 = Release|Any CPU
		{20A7FDF5-4402-45CE-B339-D50A7FECA09E}.Debug|Any CPU.ActiveCfg = Debug|Any CPU
		{20A7FDF5-4402-45CE-B339-D50A7FECA09E}.Debug|Any CPU.Build.0 = Debug|Any CPU
		{20A7FDF5-4402-45CE-B339-D50A7FECA09E}.Release|Any CPU.ActiveCfg = Release|Any CPU
		{20A7FDF5-4402-45CE-B339-D50A7FECA09E}.Release|Any CPU.Build.0 = Release|Any CPU
		{5D1784C4-5A4A-41DF-917B-86594CEDA4A6}.Debug|Any CPU.ActiveCfg = Debug|Any CPU
		{5D1784C4-5A4A-41DF-917B-86594CEDA4A6}.Debug|Any CPU.Build.0 = Debug|Any CPU
		{5D1784C4-5A4A-41DF-917B-86594CEDA4A6}.Release|Any CPU.ActiveCfg = Release|Any CPU
		{5D1784C4-5A4A-41DF-917B-86594CEDA4A6}.Release|Any CPU.Build.0 = Release|Any CPU
		{6CD0FC41-5865-4FC1-B80F-5DBA826CF285}.Debug|Any CPU.ActiveCfg = Debug|Any CPU
		{6CD0FC41-5865-4FC1-B80F-5DBA826CF285}.Debug|Any CPU.Build.0 = Debug|Any CPU
		{6CD0FC41-5865-4FC1-B80F-5DBA826CF285}.Release|Any CPU.ActiveCfg = Release|Any CPU
		{6CD0FC41-5865-4FC1-B80F-5DBA826CF285}.Release|Any CPU.Build.0 = Release|Any CPU
		{6AAA4997-B9CD-4926-BD8D-B81A29726CED}.Debug|Any CPU.ActiveCfg = Debug|Any CPU
		{6AAA4997-B9CD-4926-BD8D-B81A29726CED}.Debug|Any CPU.Build.0 = Debug|Any CPU
		{6AAA4997-B9CD-4926-BD8D-B81A29726CED}.Release|Any CPU.ActiveCfg = Release|Any CPU
		{6AAA4997-B9CD-4926-BD8D-B81A29726CED}.Release|Any CPU.Build.0 = Release|Any CPU
		{9228AF1D-380B-4086-8D1E-ED4DA444B59C}.Debug|Any CPU.ActiveCfg = Debug|Any CPU
		{9228AF1D-380B-4086-8D1E-ED4DA444B59C}.Debug|Any CPU.Build.0 = Debug|Any CPU
		{9228AF1D-380B-4086-8D1E-ED4DA444B59C}.Release|Any CPU.ActiveCfg = Release|Any CPU
		{9228AF1D-380B-4086-8D1E-ED4DA444B59C}.Release|Any CPU.Build.0 = Release|Any CPU
	EndGlobalSection
	GlobalSection(NestedProjects) = preSolution
		{834DCCAC-320C-473C-BFB3-CFAA4D30A3A2} = {184FCDC8-F75F-4464-A47A-2D92FF6A63E6}
		{B2BBFDF6-7F7B-4149-AA7B-10006EF51F74} = {834DCCAC-320C-473C-BFB3-CFAA4D30A3A2}
		{7AA94AEA-C0F1-405B-9618-55BE283F9946} = {834DCCAC-320C-473C-BFB3-CFAA4D30A3A2}
		{78EB69E0-0AA6-4EEA-B430-85C22519B8E1} = {184FCDC8-F75F-4464-A47A-2D92FF6A63E6}
		{14D378DE-C06F-42E8-B16B-AC339F6923DE} = {78EB69E0-0AA6-4EEA-B430-85C22519B8E1}
		{C9342372-4324-4E42-AB49-EA3A29417821} = {45107E7A-53B9-443D-A17A-763F6DDBE5B8}
		{CB4FDAAA-A148-4C83-8744-0C160DB26CB3} = {C9342372-4324-4E42-AB49-EA3A29417821}
		{BA4B21A1-2F54-4EBC-BCEC-D38D02285ECA} = {CB4FDAAA-A148-4C83-8744-0C160DB26CB3}
		{31142E57-919D-40A9-8956-11BD8A9016C6} = {BA4B21A1-2F54-4EBC-BCEC-D38D02285ECA}
		{485A54B5-BC09-42B5-91BA-05D6DF97D827} = {31142E57-919D-40A9-8956-11BD8A9016C6}
		{B89DC00B-9EDD-409B-AC28-8859D76DFFFB} = {31142E57-919D-40A9-8956-11BD8A9016C6}
		{BCD2CE5D-FF7B-4328-A81C-C3ED88F8BEBD} = {31142E57-919D-40A9-8956-11BD8A9016C6}
		{91DD07B4-7A7F-4679-A026-5696423C336E} = {31142E57-919D-40A9-8956-11BD8A9016C6}
		{60577F5F-6E28-4358-8C47-6717298F156D} = {31142E57-919D-40A9-8956-11BD8A9016C6}
		{FDF3BAD4-EEC3-4A0E-84A6-60E4FD88841C} = {31142E57-919D-40A9-8956-11BD8A9016C6}
		{814DC5E5-2187-45EC-88EB-DBD7FCB047EF} = {31142E57-919D-40A9-8956-11BD8A9016C6}
		{CC87D374-69BE-4230-93B3-FD87DD75A8F5} = {31142E57-919D-40A9-8956-11BD8A9016C6}
		{D8A7D53E-97A7-42EC-B952-D713C6A71133} = {31142E57-919D-40A9-8956-11BD8A9016C6}
		{BF5E1C2B-D3CC-4920-BD4E-CF5538BFC70D} = {31142E57-919D-40A9-8956-11BD8A9016C6}
		{9F6F0365-DA96-4CEF-8AA9-8B1AF8658E51} = {31142E57-919D-40A9-8956-11BD8A9016C6}
		{DEA1F603-A112-4D8F-A845-11F906840070} = {C9342372-4324-4E42-AB49-EA3A29417821}
		{0B4A6675-C819-419C-BF52-D83329623C2E} = {DEA1F603-A112-4D8F-A845-11F906840070}
		{43513CCF-DF05-46C0-B0B4-6FEF81EA85A9} = {DEA1F603-A112-4D8F-A845-11F906840070}
		{C450537C-DEAF-4EAE-9CA6-97AC20AB922D} = {DEA1F603-A112-4D8F-A845-11F906840070}
		{EC7412D0-8450-4775-8648-2A1AB63F1CCB} = {45107E7A-53B9-443D-A17A-763F6DDBE5B8}
		{01F162CC-CF1D-407D-B52E-9E5BA6041ABF} = {EC7412D0-8450-4775-8648-2A1AB63F1CCB}
		{041910AE-650A-470B-ADE0-9E6C68377203} = {01F162CC-CF1D-407D-B52E-9E5BA6041ABF}
		{B9C3B957-D914-410A-AC82-9F9A47FEBB31} = {01F162CC-CF1D-407D-B52E-9E5BA6041ABF}
		{3C4B12BA-436B-4BA7-86EC-40F83B8ECC17} = {01F162CC-CF1D-407D-B52E-9E5BA6041ABF}
		{7A63C351-32C4-44AB-B315-35A103C47EBB} = {45107E7A-53B9-443D-A17A-763F6DDBE5B8}
		{743C7497-92EA-4553-955B-C46888CF0603} = {7A63C351-32C4-44AB-B315-35A103C47EBB}
		{FE976DF9-3691-470D-B7C4-0D7300B4DA44} = {743C7497-92EA-4553-955B-C46888CF0603}
		{ADAE45A7-8B29-46D0-BF39-DEB0BB435CA7} = {743C7497-92EA-4553-955B-C46888CF0603}
		{510667A5-449E-4A95-8943-586FF9D99F34} = {45107E7A-53B9-443D-A17A-763F6DDBE5B8}
		{EE37C3CA-4CE0-41AD-BC79-9DB1C6A68516} = {510667A5-449E-4A95-8943-586FF9D99F34}
		{660E04FB-6C87-471E-A2AC-247743845D3B} = {EE37C3CA-4CE0-41AD-BC79-9DB1C6A68516}
		{E718DDBE-6B0B-4D92-918A-4154A127BB0B} = {EE37C3CA-4CE0-41AD-BC79-9DB1C6A68516}
		{A984C858-8F03-4D8E-8335-32461228B94E} = {EE37C3CA-4CE0-41AD-BC79-9DB1C6A68516}
		{D38BAD45-89DA-4ADF-93E9-C9CEC467F5A7} = {45107E7A-53B9-443D-A17A-763F6DDBE5B8}
		{284C906B-9F14-420A-A1B4-4C4564ED15CE} = {D38BAD45-89DA-4ADF-93E9-C9CEC467F5A7}
		{1CE0DF06-AB9A-4A40-93B4-0F1CFC968042} = {284C906B-9F14-420A-A1B4-4C4564ED15CE}
		{2F58994C-3548-46B8-8446-03903690B8A4} = {284C906B-9F14-420A-A1B4-4C4564ED15CE}
		{6348366C-0D8C-4AF9-946A-47322B7A7B9E} = {284C906B-9F14-420A-A1B4-4C4564ED15CE}
		{4E5D8416-F6AA-4196-96A5-E026976CD170} = {45107E7A-53B9-443D-A17A-763F6DDBE5B8}
		{E7297DBF-6FEC-4F9A-8FBB-577BB080C0CC} = {4E5D8416-F6AA-4196-96A5-E026976CD170}
		{E07CE098-610D-4B2C-B77B-28B004A234D3} = {E7297DBF-6FEC-4F9A-8FBB-577BB080C0CC}
		{7DA973C3-39AD-432C-8AEB-52BE7D6021B4} = {E7297DBF-6FEC-4F9A-8FBB-577BB080C0CC}
		{48A32EBD-1117-4546-989E-42F9B9E744EA} = {E7297DBF-6FEC-4F9A-8FBB-577BB080C0CC}
		{6094771D-E63F-405C-AF07-9AD14BE91CA9} = {45107E7A-53B9-443D-A17A-763F6DDBE5B8}
		{389A79AF-A17C-4043-BC4E-FC1312F273C8} = {6094771D-E63F-405C-AF07-9AD14BE91CA9}
		{0C34EE90-22D3-4647-A576-65F8DA7E8169} = {389A79AF-A17C-4043-BC4E-FC1312F273C8}
		{DD659AC4-A606-4E0C-8E7D-B3C274D2E260} = {389A79AF-A17C-4043-BC4E-FC1312F273C8}
		{703F936A-CC93-451C-A557-7566926FAB63} = {389A79AF-A17C-4043-BC4E-FC1312F273C8}
		{408DD07F-937C-4BE7-B4F5-4A7777CF6FC6} = {A2D00EBC-2662-4E11-9E65-99D8CA0B922E}
		{D1EB9FA3-8767-450B-9518-2EA612149D18} = {408DD07F-937C-4BE7-B4F5-4A7777CF6FC6}
		{90E951B4-D787-4F1D-8602-E7053ACE055E} = {D1EB9FA3-8767-450B-9518-2EA612149D18}
		{6DBA8C6F-6102-43FA-A8ED-03CFE5AE4A4F} = {408DD07F-937C-4BE7-B4F5-4A7777CF6FC6}
		{F0E529B0-A3E2-4EA6-B597-A4F247F46486} = {6DBA8C6F-6102-43FA-A8ED-03CFE5AE4A4F}
		{C5C358BA-73B7-44B4-89B6-3F4EED60DA6A} = {6DBA8C6F-6102-43FA-A8ED-03CFE5AE4A4F}
		{20A7FDF5-4402-45CE-B339-D50A7FECA09E} = {6DBA8C6F-6102-43FA-A8ED-03CFE5AE4A4F}
		{89073934-6F20-4EB7-8C1D-EC42921DD735} = {A2D00EBC-2662-4E11-9E65-99D8CA0B922E}
		{E4ED6610-30FA-454B-B3A8-DF9E8E04991A} = {89073934-6F20-4EB7-8C1D-EC42921DD735}
		{5D1784C4-5A4A-41DF-917B-86594CEDA4A6} = {E4ED6610-30FA-454B-B3A8-DF9E8E04991A}
		{6E9B9D6C-BA01-46D6-A5E7-AA3151B70697} = {89073934-6F20-4EB7-8C1D-EC42921DD735}
		{6CD0FC41-5865-4FC1-B80F-5DBA826CF285} = {6E9B9D6C-BA01-46D6-A5E7-AA3151B70697}
		{6AAA4997-B9CD-4926-BD8D-B81A29726CED} = {6E9B9D6C-BA01-46D6-A5E7-AA3151B70697}
		{9228AF1D-380B-4086-8D1E-ED4DA444B59C} = {6E9B9D6C-BA01-46D6-A5E7-AA3151B70697}
	EndGlobalSection
EndGlobal
