
Microsoft Visual Studio Solution File, Format Version 12.00
#
Project("{2150E333-8FDC-42A3-9474-1A3956D46DE8}") = "framework", "framework", "{184FCDC8-F75F-4464-A47A-2D92FF6A63E6}"
EndProject
Project("{2150E333-8FDC-42A3-9474-1A3956D46DE8}") = "src", "src", "{834DCCAC-320C-473C-BFB3-CFAA4D30A3A2}"
EndProject
Project("{FAE04EC0-301F-11D3-BF4B-00C04F79EFBC}") = "Full.Abp.AntDesignUI", "framework\src\Full.Abp.AntDesignUI\Full.Abp.AntDesignUI.csproj", "{B2BBFDF6-7F7B-4149-AA7B-10006EF51F74}"
EndProject
Project("{FAE04EC0-301F-11D3-BF4B-00C04F79EFBC}") = "Full.Abp.Ids", "framework\src\Full.Abp.Ids\Full.Abp.Ids.csproj", "{7AA94AEA-C0F1-405B-9618-55BE283F9946}"
EndProject
Project("{2150E333-8FDC-42A3-9474-1A3956D46DE8}") = "test", "test", "{78EB69E0-0AA6-4EEA-B430-85C22519B8E1}"
EndProject
Project("{FAE04EC0-301F-11D3-BF4B-00C04F79EFBC}") = "Full.Abp.Ids.Tests", "framework\test\Full.Abp.Ids.Tests\Full.Abp.Ids.Tests.csproj", "{14D378DE-C06F-42E8-B16B-AC339F6923DE}"
EndProject
Project("{2150E333-8FDC-42A3-9474-1A3956D46DE8}") = "modules", "modules", "{45107E7A-53B9-443D-A17A-763F6DDBE5B8}"
EndProject
Project("{2150E333-8FDC-42A3-9474-1A3956D46DE8}") = "AntDesignTheme", "AntDesignTheme", "{C9342372-4324-4E42-AB49-EA3A29417821}"
EndProject
Project("{2150E333-8FDC-42A3-9474-1A3956D46DE8}") = "samples", "samples", "{CB4FDAAA-A148-4C83-8744-0C160DB26CB3}"
EndProject
Project("{2150E333-8FDC-42A3-9474-1A3956D46DE8}") = "BookStore", "BookStore", "{BA4B21A1-2F54-4EBC-BCEC-D38D02285ECA}"
EndProject
Project("{2150E333-8FDC-42A3-9474-1A3956D46DE8}") = "src", "src", "{31142E57-919D-40A9-8956-11BD8A9016C6}"
EndProject
Project("{FAE04EC0-301F-11D3-BF4B-00C04F79EFBC}") = "BookStore.Application", "modules\AntDesignTheme\samples\BookStore\src\BookStore.Application\BookStore.Application.csproj", "{485A54B5-BC09-42B5-91BA-05D6DF97D827}"
EndProject
Project("{FAE04EC0-301F-11D3-BF4B-00C04F79EFBC}") = "BookStore.Application.Contracts", "modules\AntDesignTheme\samples\BookStore\src\BookStore.Application.Contracts\BookStore.Application.Contracts.csproj", "{B89DC00B-9EDD-409B-AC28-8859D76DFFFB}"
EndProject
Project("{FAE04EC0-301F-11D3-BF4B-00C04F79EFBC}") = "BookStore.Blazor", "modules\AntDesignTheme\samples\BookStore\src\BookStore.Blazor\BookStore.Blazor.csproj", "{BCD2CE5D-FF7B-4328-A81C-C3ED88F8BEBD}"
EndProject
Project("{FAE04EC0-301F-11D3-BF4B-00C04F79EFBC}") = "BookStore.BlazorServer", "modules\AntDesignTheme\samples\BookStore\src\BookStore.BlazorServer\BookStore.BlazorServer.csproj", "{91DD07B4-7A7F-4679-A026-5696423C336E}"
EndProject
Project("{FAE04EC0-301F-11D3-BF4B-00C04F79EFBC}") = "BookStore.DbMigrator", "modules\AntDesignTheme\samples\BookStore\src\BookStore.DbMigrator\BookStore.DbMigrator.csproj", "{60577F5F-6E28-4358-8C47-6717298F156D}"
EndProject
Project("{FAE04EC0-301F-11D3-BF4B-00C04F79EFBC}") = "BookStore.Domain", "modules\AntDesignTheme\samples\BookStore\src\BookStore.Domain\BookStore.Domain.csproj", "{FDF3BAD4-EEC3-4A0E-84A6-60E4FD88841C}"
EndProject
Project("{FAE04EC0-301F-11D3-BF4B-00C04F79EFBC}") = "BookStore.Domain.Shared", "modules\AntDesignTheme\samples\BookStore\src\BookStore.Domain.Shared\BookStore.Domain.Shared.csproj", "{814DC5E5-2187-45EC-88EB-DBD7FCB047EF}"
EndProject
Project("{FAE04EC0-301F-11D3-BF4B-00C04F79EFBC}") = "BookStore.EntityFrameworkCore", "modules\AntDesignTheme\samples\BookStore\src\BookStore.EntityFrameworkCore\BookStore.EntityFrameworkCore.csproj", "{CC87D374-69BE-4230-93B3-FD87DD75A8F5}"
EndProject
Project("{FAE04EC0-301F-11D3-BF4B-00C04F79EFBC}") = "BookStore.HttpApi", "modules\AntDesignTheme\samples\BookStore\src\BookStore.HttpApi\BookStore.HttpApi.csproj", "{D8A7D53E-97A7-42EC-B952-D713C6A71133}"
EndProject
Project("{FAE04EC0-301F-11D3-BF4B-00C04F79EFBC}") = "BookStore.HttpApi.Client", "modules\AntDesignTheme\samples\BookStore\src\BookStore.HttpApi.Client\BookStore.HttpApi.Client.csproj", "{BF5E1C2B-D3CC-4920-BD4E-CF5538BFC70D}"
EndProject
Project("{FAE04EC0-301F-11D3-BF4B-00C04F79EFBC}") = "BookStore.HttpApi.Host", "modules\AntDesignTheme\samples\BookStore\src\BookStore.HttpApi.Host\BookStore.HttpApi.Host.csproj", "{9F6F0365-DA96-4CEF-8AA9-8B1AF8658E51}"
EndProject
Project("{2150E333-8FDC-42A3-9474-1A3956D46DE8}") = "src", "src", "{DEA1F603-A112-4D8F-A845-11F906840070}"
EndProject
Project("{FAE04EC0-301F-11D3-BF4B-00C04F79EFBC}") = "Full.Abp.AspnetCore.Components.Server.AntDesignTheme", "modules\AntDesignTheme\src\Full.Abp.AspnetCore.Components.Server.AntDesignTheme\Full.Abp.AspnetCore.Components.Server.AntDesignTheme.csproj", "{0B4A6675-C819-419C-BF52-D83329623C2E}"
EndProject
Project("{FAE04EC0-301F-11D3-BF4B-00C04F79EFBC}") = "Full.Abp.AspnetCore.Components.Web.AntDesignTheme", "modules\AntDesignTheme\src\Full.Abp.AspnetCore.Components.Web.AntDesignTheme\Full.Abp.AspnetCore.Components.Web.AntDesignTheme.csproj", "{43513CCF-DF05-46C0-B0B4-6FEF81EA85A9}"
EndProject
Project("{FAE04EC0-301F-11D3-BF4B-00C04F79EFBC}") = "Full.Abp.AspnetCore.Components.WebAssembly.AntDesignTheme", "modules\AntDesignTheme\src\Full.Abp.AspnetCore.Components.WebAssembly.AntDesignTheme\Full.Abp.AspnetCore.Components.WebAssembly.AntDesignTheme.csproj", "{C450537C-DEAF-4EAE-9CA6-97AC20AB922D}"
EndProject
Project("{2150E333-8FDC-42A3-9474-1A3956D46DE8}") = "FeatureManagement", "FeatureManagement", "{EC7412D0-8450-4775-8648-2A1AB63F1CCB}"
EndProject
Project("{2150E333-8FDC-42A3-9474-1A3956D46DE8}") = "src", "src", "{01F162CC-CF1D-407D-B52E-9E5BA6041ABF}"
EndProject
Project("{FAE04EC0-301F-11D3-BF4B-00C04F79EFBC}") = "Full.Abp.FeatureManagement.Blazor.AntDesignUI", "modules\FeatureManagement\src\Full.Abp.FeatureManagement.Blazor.AntDesignUI\Full.Abp.FeatureManagement.Blazor.AntDesignUI.csproj", "{041910AE-650A-470B-ADE0-9E6C68377203}"
EndProject
Project("{FAE04EC0-301F-11D3-BF4B-00C04F79EFBC}") = "Full.Abp.FeatureManagement.Blazor.Server.AntDesignUI", "modules\FeatureManagement\src\Full.Abp.FeatureManagement.Blazor.Server.AntDesignUI\Full.Abp.FeatureManagement.Blazor.Server.AntDesignUI.csproj", "{B9C3B957-D914-410A-AC82-9F9A47FEBB31}"
EndProject
Project("{FAE04EC0-301F-11D3-BF4B-00C04F79EFBC}") = "Full.Abp.FeatureManagement.Blazor.WebAssembly.AntDesignUI", "modules\FeatureManagement\src\Full.Abp.FeatureManagement.Blazor.WebAssembly.AntDesignUI\Full.Abp.FeatureManagement.Blazor.WebAssembly.AntDesignUI.csproj", "{3C4B12BA-436B-4BA7-86EC-40F83B8ECC17}"
EndProject
Project("{2150E333-8FDC-42A3-9474-1A3956D46DE8}") = "identity", "identity", "{7A63C351-32C4-44AB-B315-35A103C47EBB}"
EndProject
Project("{2150E333-8FDC-42A3-9474-1A3956D46DE8}") = "src", "src", "{743C7497-92EA-4553-955B-C46888CF0603}"
EndProject
Project("{FAE04EC0-301F-11D3-BF4B-00C04F79EFBC}") = "Full.Abp.Identity.Domain", "modules\identity\src\Full.Abp.Identity.Domain\Full.Abp.Identity.Domain.csproj", "{FE976DF9-3691-470D-B7C4-0D7300B4DA44}"
EndProject
Project("{FAE04EC0-301F-11D3-BF4B-00C04F79EFBC}") = "Full.Abp.Identity.EntityFrameworkCore", "modules\identity\src\Full.Abp.Identity.EntityFrameworkCore\Full.Abp.Identity.EntityFrameworkCore.csproj", "{ADAE45A7-8B29-46D0-BF39-DEB0BB435CA7}"
EndProject
Project("{2150E333-8FDC-42A3-9474-1A3956D46DE8}") = "IdentityManagement", "IdentityManagement", "{510667A5-449E-4A95-8943-586FF9D99F34}"
EndProject
Project("{2150E333-8FDC-42A3-9474-1A3956D46DE8}") = "src", "src", "{EE37C3CA-4CE0-41AD-BC79-9DB1C6A68516}"
EndProject
Project("{FAE04EC0-301F-11D3-BF4B-00C04F79EFBC}") = "Full.Abp.IdentityManagement.Blazor.AntDesignUI", "modules\IdentityManagement\src\Full.Abp.IdentityManagement.Blazor.AntDesignUI\Full.Abp.IdentityManagement.Blazor.AntDesignUI.csproj", "{660E04FB-6C87-471E-A2AC-247743845D3B}"
EndProject
Project("{FAE04EC0-301F-11D3-BF4B-00C04F79EFBC}") = "Full.Abp.IdentityManagement.Blazor.Server.AntDesignUI", "modules\IdentityManagement\src\Full.Abp.IdentityManagement.Blazor.Server.AntDesignUI\Full.Abp.IdentityManagement.Blazor.Server.AntDesignUI.csproj", "{E718DDBE-6B0B-4D92-918A-4154A127BB0B}"
EndProject
Project("{FAE04EC0-301F-11D3-BF4B-00C04F79EFBC}") = "Full.Abp.IdentityManagement.Blazor.WebAssembly.AntDesignUI", "modules\IdentityManagement\src\Full.Abp.IdentityManagement.Blazor.WebAssembly.AntDesignUI\Full.Abp.IdentityManagement.Blazor.WebAssembly.AntDesignUI.csproj", "{A984C858-8F03-4D8E-8335-32461228B94E}"
EndProject
Project("{2150E333-8FDC-42A3-9474-1A3956D46DE8}") = "PermissionManagement", "PermissionManagement", "{D38BAD45-89DA-4ADF-93E9-C9CEC467F5A7}"
EndProject
Project("{2150E333-8FDC-42A3-9474-1A3956D46DE8}") = "src", "src", "{284C906B-9F14-420A-A1B4-4C4564ED15CE}"
EndProject
Project("{FAE04EC0-301F-11D3-BF4B-00C04F79EFBC}") = "Full.Abp.PermissionManagement.Blazor.AntDesignUI", "modules\PermissionManagement\src\Full.Abp.PermissionManagement.Blazor.AntDesignUI\Full.Abp.PermissionManagement.Blazor.AntDesignUI.csproj", "{1CE0DF06-AB9A-4A40-93B4-0F1CFC968042}"
EndProject
Project("{FAE04EC0-301F-11D3-BF4B-00C04F79EFBC}") = "Full.Abp.PermissionManagement.Blazor.Server.AntDesignUI", "modules\PermissionManagement\src\Full.Abp.PermissionManagement.Blazor.Server.AntDesignUI\Full.Abp.PermissionManagement.Blazor.Server.AntDesignUI.csproj", "{2F58994C-3548-46B8-8446-03903690B8A4}"
EndProject
Project("{FAE04EC0-301F-11D3-BF4B-00C04F79EFBC}") = "Full.Abp.PermissionManagement.Blazor.WebAssembly.AntDesignUI", "modules\PermissionManagement\src\Full.Abp.PermissionManagement.Blazor.WebAssembly.AntDesignUI\Full.Abp.PermissionManagement.Blazor.WebAssembly.AntDesignUI.csproj", "{6348366C-0D8C-4AF9-946A-47322B7A7B9E}"
EndProject
Project("{2150E333-8FDC-42A3-9474-1A3956D46DE8}") = "SettingManagement", "SettingManagement", "{4E5D8416-F6AA-4196-96A5-E026976CD170}"
EndProject
Project("{2150E333-8FDC-42A3-9474-1A3956D46DE8}") = "src", "src", "{E7297DBF-6FEC-4F9A-8FBB-577BB080C0CC}"
EndProject
Project("{FAE04EC0-301F-11D3-BF4B-00C04F79EFBC}") = "Full.Abp.SettingManagement.Blazor.AntDesignUI", "modules\SettingManagement\src\Full.Abp.SettingManagement.Blazor.AntDesignUI\Full.Abp.SettingManagement.Blazor.AntDesignUI.csproj", "{E07CE098-610D-4B2C-B77B-28B004A234D3}"
EndProject
Project("{FAE04EC0-301F-11D3-BF4B-00C04F79EFBC}") = "Full.Abp.SettingManagement.Blazor.Server.AntDesignUI", "modules\SettingManagement\src\Full.Abp.SettingManagement.Blazor.Server.AntDesignUI\Full.Abp.SettingManagement.Blazor.Server.AntDesignUI.csproj", "{7DA973C3-39AD-432C-8AEB-52BE7D6021B4}"
EndProject
Project("{FAE04EC0-301F-11D3-BF4B-00C04F79EFBC}") = "Full.Abp.SettingManagement.Blazor.WebAssembly.AntDesignUI", "modules\SettingManagement\src\Full.Abp.SettingManagement.Blazor.WebAssembly.AntDesignUI\Full.Abp.SettingManagement.Blazor.WebAssembly.AntDesignUI.csproj", "{48A32EBD-1117-4546-989E-42F9B9E744EA}"
EndProject
Project("{2150E333-8FDC-42A3-9474-1A3956D46DE8}") = "TenantManagement", "TenantManagement", "{6094771D-E63F-405C-AF07-9AD14BE91CA9}"
EndProject
Project("{2150E333-8FDC-42A3-9474-1A3956D46DE8}") = "src", "src", "{389A79AF-A17C-4043-BC4E-FC1312F273C8}"
EndProject
Project("{FAE04EC0-301F-11D3-BF4B-00C04F79EFBC}") = "Full.Abp.TenantManagement.Blazor.AntDesignUI", "modules\TenantManagement\src\Full.Abp.TenantManagement.Blazor.AntDesignUI\Full.Abp.TenantManagement.Blazor.AntDesignUI.csproj", "{0C34EE90-22D3-4647-A576-65F8DA7E8169}"
EndProject
Project("{FAE04EC0-301F-11D3-BF4B-00C04F79EFBC}") = "Full.Abp.TenantManagement.Blazor.Server.AntDesignUI", "modules\TenantManagement\src\Full.Abp.TenantManagement.Blazor.Server.AntDesignUI\Full.Abp.TenantManagement.Blazor.Server.AntDesignUI.csproj", "{DD659AC4-A606-4E0C-8E7D-B3C274D2E260}"
EndProject
Project("{FAE04EC0-301F-11D3-BF4B-00C04F79EFBC}") = "Full.Abp.TenantManagement.Blazor.WebAssembly.AntDesignUI", "modules\TenantManagement\src\Full.Abp.TenantManagement.Blazor.WebAssembly.AntDesignUI\Full.Abp.TenantManagement.Blazor.WebAssembly.AntDesignUI.csproj", "{703F936A-CC93-451C-A557-7566926FAB63}"
EndProject
Project("{2150E333-8FDC-42A3-9474-1A3956D46DE8}") = "themes", "themes", "{A2D00EBC-2662-4E11-9E65-99D8CA0B922E}"
EndProject
Project("{2150E333-8FDC-42A3-9474-1A3956D46DE8}") = "mud-blazor", "mud-blazor", "{89073934-6F20-4EB7-8C1D-EC42921DD735}"
EndProject
Project("{2150E333-8FDC-42A3-9474-1A3956D46DE8}") = "host", "host", "{E4ED6610-30FA-454B-B3A8-DF9E8E04991A}"
EndProject
Project("{FAE04EC0-301F-11D3-BF4B-00C04F79EFBC}") = "Demo.Blazor.Server.Host", "themes\mud-blazor\host\Demo.Blazor.Server.Host\Demo.Blazor.Server.Host.csproj", "{5D1784C4-5A4A-41DF-917B-86594CEDA4A6}"
EndProject
Project("{2150E333-8FDC-42A3-9474-1A3956D46DE8}") = "src", "src", "{6E9B9D6C-BA01-46D6-A5E7-AA3151B70697}"
EndProject
Project("{FAE04EC0-301F-11D3-BF4B-00C04F79EFBC}") = "Full.Abp.AspNetCore.Components.Server.MudTheme", "themes\mud-blazor\src\Full.Abp.AspNetCore.Components.Server.MudTheme\Full.Abp.AspNetCore.Components.Server.MudTheme.csproj", "{6CD0FC41-5865-4FC1-B80F-5DBA826CF285}"
EndProject
Project("{FAE04EC0-301F-11D3-BF4B-00C04F79EFBC}") = "Full.Abp.AspNetCore.Components.Web.MudTheme", "themes\mud-blazor\src\Full.Abp.AspNetCore.Components.Web.MudTheme\Full.Abp.AspNetCore.Components.Web.MudTheme.csproj", "{6AAA4997-B9CD-4926-BD8D-B81A29726CED}"
EndProject
Project("{FAE04EC0-301F-11D3-BF4B-00C04F79EFBC}") = "Full.Abp.AspNetCore.Components.WebAssembly.MudTheme", "themes\mud-blazor\src\Full.Abp.AspNetCore.Components.WebAssembly.MudTheme\Full.Abp.AspNetCore.Components.WebAssembly.MudTheme.csproj", "{9228AF1D-380B-4086-8D1E-ED4DA444B59C}"
EndProject
Project("{FAE04EC0-301F-11D3-BF4B-00C04F79EFBC}") = "Full.Abp.Categories", "framework\src\Full.Abp.Categories\Full.Abp.Categories.csproj", "{3A8DC804-4AF1-4344-8A93-0BCC52869874}"
EndProject
Project("{2150E333-8FDC-42A3-9474-1A3956D46DE8}") = "categories", "categories", "{EC92E8DC-4DCA-471F-A674-06005EBA2D3F}"
EndProject
Project("{2150E333-8FDC-42A3-9474-1A3956D46DE8}") = "host", "host", "{968C4D23-FD61-4CD7-A4D0-845BE652B4F4}"
EndProject
Project("{FAE04EC0-301F-11D3-BF4B-00C04F79EFBC}") = "Full.Abp.CategoryManagement.Blazor.Host", "modules\categories\host\Full.Abp.CategoryManagement.Blazor.Host\Full.Abp.CategoryManagement.Blazor.Host.csproj", "{53D5E02B-8EEC-4C7F-85B5-4125E6B5FB7D}"
EndProject
Project("{FAE04EC0-301F-11D3-BF4B-00C04F79EFBC}") = "Full.Abp.CategoryManagement.Blazor.Server.AntDesignUI.Host", "modules\categories\host\Full.Abp.CategoryManagement.Blazor.Server.AntDesignUI.Host\Full.Abp.CategoryManagement.Blazor.Server.AntDesignUI.Host.csproj", "{14EAF5E9-E04A-42DC-B8D0-4DE483796510}"
EndProject
Project("{FAE04EC0-301F-11D3-BF4B-00C04F79EFBC}") = "Full.Abp.CategoryManagement.Host.Shared", "modules\categories\host\Full.Abp.CategoryManagement.Host.Shared\Full.Abp.CategoryManagement.Host.Shared.csproj", "{806F0FF0-638B-44BB-ADBD-99874847EA44}"
EndProject
Project("{FAE04EC0-301F-11D3-BF4B-00C04F79EFBC}") = "Full.Abp.CategoryManagement.HttpApi.Host", "modules\categories\host\Full.Abp.CategoryManagement.HttpApi.Host\Full.Abp.CategoryManagement.HttpApi.Host.csproj", "{A8613403-FC99-4995-8D8D-DE3F21AFA39C}"
EndProject
Project("{FAE04EC0-301F-11D3-BF4B-00C04F79EFBC}") = "Full.Abp.CategoryManagement.IdentityServer", "modules\categories\host\Full.Abp.CategoryManagement.IdentityServer\Full.Abp.CategoryManagement.IdentityServer.csproj", "{0F502ED4-A0C1-40BC-8F0C-CEE8DEA76C7E}"
EndProject
Project("{FAE04EC0-301F-11D3-BF4B-00C04F79EFBC}") = "Full.Abp.CategoryManagement.Web.Host", "modules\categories\host\Full.Abp.CategoryManagement.Web.Host\Full.Abp.CategoryManagement.Web.Host.csproj", "{A128A00C-CDD8-4FFB-91C5-896B67D91B76}"
EndProject
Project("{FAE04EC0-301F-11D3-BF4B-00C04F79EFBC}") = "Full.Abp.CategoryManagement.Web.Unified", "modules\categories\host\Full.Abp.CategoryManagement.Web.Unified\Full.Abp.CategoryManagement.Web.Unified.csproj", "{DBD3E772-B7DC-4F39-A7AF-E496E0B09943}"
EndProject
Project("{2150E333-8FDC-42A3-9474-1A3956D46DE8}") = "src", "src", "{E03F6E83-4F71-44F3-9175-F209B95632E1}"
EndProject
Project("{FAE04EC0-301F-11D3-BF4B-00C04F79EFBC}") = "Full.Abp.CategoryManagement.Application", "modules\categories\src\Full.Abp.CategoryManagement.Application\Full.Abp.CategoryManagement.Application.csproj", "{E9A43467-8E93-4A7B-BBD6-628A5FC2C862}"
EndProject
Project("{FAE04EC0-301F-11D3-BF4B-00C04F79EFBC}") = "Full.Abp.CategoryManagement.Application.Contracts", "modules\categories\src\Full.Abp.CategoryManagement.Application.Contracts\Full.Abp.CategoryManagement.Application.Contracts.csproj", "{A6FAA3A0-211A-4BE5-A370-289D3B37E1CB}"
EndProject
Project("{FAE04EC0-301F-11D3-BF4B-00C04F79EFBC}") = "Full.Abp.CategoryManagement.Blazor.AntDesignUI", "modules\categories\src\Full.Abp.CategoryManagement.Blazor.AntDesignUI\Full.Abp.CategoryManagement.Blazor.AntDesignUI.csproj", "{E59FE57E-E407-4091-A106-952B816C78CE}"
EndProject
Project("{FAE04EC0-301F-11D3-BF4B-00C04F79EFBC}") = "Full.Abp.CategoryManagement.Blazor.Server.AntDesignUI", "modules\categories\src\Full.Abp.CategoryManagement.Blazor.Server.AntDesignUI\Full.Abp.CategoryManagement.Blazor.Server.AntDesignUI.csproj", "{89DA215E-32D8-4696-AF4B-3A0525C4C427}"
EndProject
Project("{FAE04EC0-301F-11D3-BF4B-00C04F79EFBC}") = "Full.Abp.CategoryManagement.Blazor.WebAssembly.AntDesignUI", "modules\categories\src\Full.Abp.CategoryManagement.Blazor.WebAssembly.AntDesignUI\Full.Abp.CategoryManagement.Blazor.WebAssembly.AntDesignUI.csproj", "{43CCC893-0F45-4FA6-8A2B-D80703A6EDF4}"
EndProject
Project("{FAE04EC0-301F-11D3-BF4B-00C04F79EFBC}") = "Full.Abp.CategoryManagement.Domain", "modules\categories\src\Full.Abp.CategoryManagement.Domain\Full.Abp.CategoryManagement.Domain.csproj", "{2BD8B5F7-1CEB-4C7D-B93E-2C1D435F57F0}"
EndProject
Project("{FAE04EC0-301F-11D3-BF4B-00C04F79EFBC}") = "Full.Abp.CategoryManagement.Domain.Shared", "modules\categories\src\Full.Abp.CategoryManagement.Domain.Shared\Full.Abp.CategoryManagement.Domain.Shared.csproj", "{62B07D96-21DA-43F6-832D-933CD9629A0E}"
EndProject
Project("{FAE04EC0-301F-11D3-BF4B-00C04F79EFBC}") = "Full.Abp.CategoryManagement.EntityFrameworkCore", "modules\categories\src\Full.Abp.CategoryManagement.EntityFrameworkCore\Full.Abp.CategoryManagement.EntityFrameworkCore.csproj", "{DBAAD7A7-AA8B-4738-A3D8-EA7E4B200999}"
EndProject
Project("{FAE04EC0-301F-11D3-BF4B-00C04F79EFBC}") = "Full.Abp.CategoryManagement.HttpApi", "modules\categories\src\Full.Abp.CategoryManagement.HttpApi\Full.Abp.CategoryManagement.HttpApi.csproj", "{EAB33457-8617-46A1-845B-B7A5D763FF27}"
EndProject
Project("{FAE04EC0-301F-11D3-BF4B-00C04F79EFBC}") = "Full.Abp.CategoryManagement.HttpApi.Client", "modules\categories\src\Full.Abp.CategoryManagement.HttpApi.Client\Full.Abp.CategoryManagement.HttpApi.Client.csproj", "{EF52F67C-0391-4D99-94CB-FAB84DC1F0A6}"
EndProject
Project("{FAE04EC0-301F-11D3-BF4B-00C04F79EFBC}") = "Full.Abp.CategoryManagement.Installer", "modules\categories\src\Full.Abp.CategoryManagement.Installer\Full.Abp.CategoryManagement.Installer.csproj", "{204695DB-340A-46C7-8B65-B3E88CA23CF9}"
EndProject
Project("{FAE04EC0-301F-11D3-BF4B-00C04F79EFBC}") = "Full.Abp.CategoryManagement.Web", "modules\categories\src\Full.Abp.CategoryManagement.Web\Full.Abp.CategoryManagement.Web.csproj", "{F645B0AA-144A-4D11-9ED8-2593262CA8D4}"
EndProject
Project("{2150E333-8FDC-42A3-9474-1A3956D46DE8}") = "test", "test", "{FE88765F-48CE-4CB7-9A79-4F0764643B8D}"
EndProject
Project("{FAE04EC0-301F-11D3-BF4B-00C04F79EFBC}") = "Full.Abp.CategoryManagement.Application.Tests", "modules\categories\test\Full.Abp.CategoryManagement.Application.Tests\Full.Abp.CategoryManagement.Application.Tests.csproj", "{8F6EBB93-FAD5-4A3F-8E33-CB82FDF6FADF}"
EndProject
Project("{FAE04EC0-301F-11D3-BF4B-00C04F79EFBC}") = "Full.Abp.CategoryManagement.Domain.Tests", "modules\categories\test\Full.Abp.CategoryManagement.Domain.Tests\Full.Abp.CategoryManagement.Domain.Tests.csproj", "{D27E5F8E-044C-46C8-B48E-ED6C16CF1908}"
EndProject
Project("{FAE04EC0-301F-11D3-BF4B-00C04F79EFBC}") = "Full.Abp.CategoryManagement.EntityFrameworkCore.Tests", "modules\categories\test\Full.Abp.CategoryManagement.EntityFrameworkCore.Tests\Full.Abp.CategoryManagement.EntityFrameworkCore.Tests.csproj", "{22930141-EF8B-4C38-A025-78D34C3E1075}"
EndProject
Project("{FAE04EC0-301F-11D3-BF4B-00C04F79EFBC}") = "Full.Abp.CategoryManagement.TestBase", "modules\categories\test\Full.Abp.CategoryManagement.TestBase\Full.Abp.CategoryManagement.TestBase.csproj", "{C09F3D9F-501B-4A34-9D4B-67DCE9311286}"
EndProject
Project("{2150E333-8FDC-42A3-9474-1A3956D46DE8}") = "trees", "trees", "{E7EFB365-15BB-47CF-A5FA-CE1D66F449BA}"
EndProject
Project("{2150E333-8FDC-42A3-9474-1A3956D46DE8}") = "src", "src", "{9B86D9EC-DBBC-4493-AB42-D8CCC9E3F153}"
EndProject
Project("{FAE04EC0-301F-11D3-BF4B-00C04F79EFBC}") = "Full.Abp.Trees.Domain", "modules\trees\src\Full.Abp.Trees.Domain\Full.Abp.Trees.Domain.csproj", "{D2B3C50B-AE59-485F-9B68-AD476B3557C3}"
EndProject
Project("{FAE04EC0-301F-11D3-BF4B-00C04F79EFBC}") = "Full.Abp.Trees.Domain.Shared", "modules\trees\src\Full.Abp.Trees.Domain.Shared\Full.Abp.Trees.Domain.Shared.csproj", "{A89903F2-435C-4725-8A92-C4B96B10737F}"
EndProject
Project("{FAE04EC0-301F-11D3-BF4B-00C04F79EFBC}") = "Full.Abp.Trees.EntityFrameworkCore", "modules\trees\src\Full.Abp.Trees.EntityFrameworkCore\Full.Abp.Trees.EntityFrameworkCore.csproj", "{2959D5D3-4F65-4497-A6DF-989BB07F7BAB}"
EndProject
Project("{2150E333-8FDC-42A3-9474-1A3956D46DE8}") = "test", "test", "{25AF50E2-17CD-48A8-AF7D-DCCB930B6BBC}"
EndProject
Project("{FAE04EC0-301F-11D3-BF4B-00C04F79EFBC}") = "Full.Abp.Trees.Domain.Tests", "modules\trees\test\Full.Abp.Trees.Domain.Tests\Full.Abp.Trees.Domain.Tests.csproj", "{35AF4D31-C520-4DED-9096-054FAA8C552C}"
EndProject
Project("{FAE04EC0-301F-11D3-BF4B-00C04F79EFBC}") = "Full.Abp.Trees.EntityFrameworkCore.Tests", "modules\trees\test\Full.Abp.Trees.EntityFrameworkCore.Tests\Full.Abp.Trees.EntityFrameworkCore.Tests.csproj", "{CED4276E-EF7A-4533-8C75-FFAFF8A9EE47}"
EndProject
Project("{FAE04EC0-301F-11D3-BF4B-00C04F79EFBC}") = "Full.Abp.Trees.TestBase", "modules\trees\test\Full.Abp.Trees.TestBase\Full.Abp.Trees.TestBase.csproj", "{B8D50399-B7C1-4E7F-9BE0-0107A84856DC}"
EndProject
Project("{FAE04EC0-301F-11D3-BF4B-00C04F79EFBC}") = "Full.Abp.Trees", "framework\src\Full.Abp.Trees\Full.Abp.Trees.csproj", "{A7BF0519-7679-4AB6-99DE-DAF2353366CF}"
EndProject
Project("{FAE04EC0-301F-11D3-BF4B-00C04F79EFBC}") = "Full.Abp.CategoryManagement.Blazor", "modules\categories\src\Full.Abp.CategoryManagement.Blazor\Full.Abp.CategoryManagement.Blazor.csproj", "{3F71C329-3A8B-4877-A13A-0EB67D39A90C}"
EndProject
Project("{FAE04EC0-301F-11D3-BF4B-00C04F79EFBC}") = "Full.Abp.CategoryManagement.Blazor.Server", "modules\categories\src\Full.Abp.CategoryManagement.Blazor.Server\Full.Abp.CategoryManagement.Blazor.Server.csproj", "{1F9E15A5-0886-4097-A497-4C031332725A}"
EndProject
Project("{FAE04EC0-301F-11D3-BF4B-00C04F79EFBC}") = "Full.Abp.CategoryManagement.Blazor.WebAssembly", "modules\categories\src\Full.Abp.CategoryManagement.Blazor.WebAssembly\Full.Abp.CategoryManagement.Blazor.WebAssembly.csproj", "{AA6A7076-E833-40C2-9AF6-695ACB7DB3E3}"
EndProject
Project("{2150E333-8FDC-42A3-9474-1A3956D46DE8}") = "BasicTheme", "BasicTheme", "{0D32D1E7-534D-4483-B26C-F76BB3349336}"
EndProject
Project("{2150E333-8FDC-42A3-9474-1A3956D46DE8}") = "src", "src", "{587862C1-CFA6-4C0F-9072-1898A3AD4AA8}"
EndProject
Project("{2150E333-8FDC-42A3-9474-1A3956D46DE8}") = "host", "host", "{D69C4788-4DD5-4CF5-853F-A7244E8B9985}"
EndProject
Project("{FAE04EC0-301F-11D3-BF4B-00C04F79EFBC}") = "Demo.Blazor.Server.Host", "modules\BasicTheme\host\Demo.Blazor.Server.Host\Demo.Blazor.Server.Host.csproj", "{A1C0094C-AA08-4645-8945-752CBBAC03E4}"
EndProject
Project("{FAE04EC0-301F-11D3-BF4B-00C04F79EFBC}") = "Full.Abp.AspNetCore.Components.Server.BasicTheme", "modules\BasicTheme\src\Full.Abp.AspNetCore.Components.Server.BasicTheme\Full.Abp.AspNetCore.Components.Server.BasicTheme.csproj", "{8B955268-B5C3-429A-9C1D-E6FE15E7935A}"
EndProject
Project("{FAE04EC0-301F-11D3-BF4B-00C04F79EFBC}") = "Full.Abp.AspNetCore.Components.Web.BasicTheme", "modules\BasicTheme\src\Full.Abp.AspNetCore.Components.Web.BasicTheme\Full.Abp.AspNetCore.Components.Web.BasicTheme.csproj", "{6933A7A9-90F9-4CE4-9BD1-7CC0F4DA50D1}"
EndProject
Project("{FAE04EC0-301F-11D3-BF4B-00C04F79EFBC}") = "Full.Abp.AspNetCore.Components.WebAssembly.BasicTheme", "modules\BasicTheme\src\Full.Abp.AspNetCore.Components.WebAssembly.BasicTheme\Full.Abp.AspNetCore.Components.WebAssembly.BasicTheme.csproj", "{842B30A9-2467-4AA9-9484-0F7E98607CCB}"
EndProject
Project("{FAE04EC0-301F-11D3-BF4B-00C04F79EFBC}") = "Full.Abp.CategoryManagement.Blazor.Server.Host", "modules\categories\host\Full.Abp.CategoryManagement.Blazor.Server.Host\Full.Abp.CategoryManagement.Blazor.Server.Host.csproj", "{0255FEFB-031C-4F26-8669-5D108FB457BB}"
EndProject
Project("{FAE04EC0-301F-11D3-BF4B-00C04F79EFBC}") = "Full.Abp.BlazoriseUI", "framework\src\Full.Abp.BlazoriseUI\Full.Abp.BlazoriseUI.csproj", "{D038A9E6-4E7D-4529-AF0E-98A080079ABE}"
EndProject
Global
	GlobalSection(SolutionConfigurationPlatforms) = preSolution
		Debug|Any CPU = Debug|Any CPU
		Release|Any CPU = Release|Any CPU
	EndGlobalSection
	GlobalSection(ProjectConfigurationPlatforms) = postSolution
		{B2BBFDF6-7F7B-4149-AA7B-10006EF51F74}.Debug|Any CPU.ActiveCfg = Debug|Any CPU
		{B2BBFDF6-7F7B-4149-AA7B-10006EF51F74}.Debug|Any CPU.Build.0 = Debug|Any CPU
		{B2BBFDF6-7F7B-4149-AA7B-10006EF51F74}.Release|Any CPU.ActiveCfg = Release|Any CPU
		{B2BBFDF6-7F7B-4149-AA7B-10006EF51F74}.Release|Any CPU.Build.0 = Release|Any CPU
		{7AA94AEA-C0F1-405B-9618-55BE283F9946}.Debug|Any CPU.ActiveCfg = Debug|Any CPU
		{7AA94AEA-C0F1-405B-9618-55BE283F9946}.Debug|Any CPU.Build.0 = Debug|Any CPU
		{7AA94AEA-C0F1-405B-9618-55BE283F9946}.Release|Any CPU.ActiveCfg = Release|Any CPU
		{7AA94AEA-C0F1-405B-9618-55BE283F9946}.Release|Any CPU.Build.0 = Release|Any CPU
		{14D378DE-C06F-42E8-B16B-AC339F6923DE}.Debug|Any CPU.ActiveCfg = Debug|Any CPU
		{14D378DE-C06F-42E8-B16B-AC339F6923DE}.Debug|Any CPU.Build.0 = Debug|Any CPU
		{14D378DE-C06F-42E8-B16B-AC339F6923DE}.Release|Any CPU.ActiveCfg = Release|Any CPU
		{14D378DE-C06F-42E8-B16B-AC339F6923DE}.Release|Any CPU.Build.0 = Release|Any CPU
		{485A54B5-BC09-42B5-91BA-05D6DF97D827}.Debug|Any CPU.ActiveCfg = Debug|Any CPU
		{485A54B5-BC09-42B5-91BA-05D6DF97D827}.Debug|Any CPU.Build.0 = Debug|Any CPU
		{485A54B5-BC09-42B5-91BA-05D6DF97D827}.Release|Any CPU.ActiveCfg = Release|Any CPU
		{485A54B5-BC09-42B5-91BA-05D6DF97D827}.Release|Any CPU.Build.0 = Release|Any CPU
		{B89DC00B-9EDD-409B-AC28-8859D76DFFFB}.Debug|Any CPU.ActiveCfg = Debug|Any CPU
		{B89DC00B-9EDD-409B-AC28-8859D76DFFFB}.Debug|Any CPU.Build.0 = Debug|Any CPU
		{B89DC00B-9EDD-409B-AC28-8859D76DFFFB}.Release|Any CPU.ActiveCfg = Release|Any CPU
		{B89DC00B-9EDD-409B-AC28-8859D76DFFFB}.Release|Any CPU.Build.0 = Release|Any CPU
		{BCD2CE5D-FF7B-4328-A81C-C3ED88F8BEBD}.Debug|Any CPU.ActiveCfg = Debug|Any CPU
		{BCD2CE5D-FF7B-4328-A81C-C3ED88F8BEBD}.Debug|Any CPU.Build.0 = Debug|Any CPU
		{BCD2CE5D-FF7B-4328-A81C-C3ED88F8BEBD}.Release|Any CPU.ActiveCfg = Release|Any CPU
		{BCD2CE5D-FF7B-4328-A81C-C3ED88F8BEBD}.Release|Any CPU.Build.0 = Release|Any CPU
		{91DD07B4-7A7F-4679-A026-5696423C336E}.Debug|Any CPU.ActiveCfg = Debug|Any CPU
		{91DD07B4-7A7F-4679-A026-5696423C336E}.Debug|Any CPU.Build.0 = Debug|Any CPU
		{91DD07B4-7A7F-4679-A026-5696423C336E}.Release|Any CPU.ActiveCfg = Release|Any CPU
		{91DD07B4-7A7F-4679-A026-5696423C336E}.Release|Any CPU.Build.0 = Release|Any CPU
		{60577F5F-6E28-4358-8C47-6717298F156D}.Debug|Any CPU.ActiveCfg = Debug|Any CPU
		{60577F5F-6E28-4358-8C47-6717298F156D}.Debug|Any CPU.Build.0 = Debug|Any CPU
		{60577F5F-6E28-4358-8C47-6717298F156D}.Release|Any CPU.ActiveCfg = Release|Any CPU
		{60577F5F-6E28-4358-8C47-6717298F156D}.Release|Any CPU.Build.0 = Release|Any CPU
		{FDF3BAD4-EEC3-4A0E-84A6-60E4FD88841C}.Debug|Any CPU.ActiveCfg = Debug|Any CPU
		{FDF3BAD4-EEC3-4A0E-84A6-60E4FD88841C}.Debug|Any CPU.Build.0 = Debug|Any CPU
		{FDF3BAD4-EEC3-4A0E-84A6-60E4FD88841C}.Release|Any CPU.ActiveCfg = Release|Any CPU
		{FDF3BAD4-EEC3-4A0E-84A6-60E4FD88841C}.Release|Any CPU.Build.0 = Release|Any CPU
		{814DC5E5-2187-45EC-88EB-DBD7FCB047EF}.Debug|Any CPU.ActiveCfg = Debug|Any CPU
		{814DC5E5-2187-45EC-88EB-DBD7FCB047EF}.Debug|Any CPU.Build.0 = Debug|Any CPU
		{814DC5E5-2187-45EC-88EB-DBD7FCB047EF}.Release|Any CPU.ActiveCfg = Release|Any CPU
		{814DC5E5-2187-45EC-88EB-DBD7FCB047EF}.Release|Any CPU.Build.0 = Release|Any CPU
		{CC87D374-69BE-4230-93B3-FD87DD75A8F5}.Debug|Any CPU.ActiveCfg = Debug|Any CPU
		{CC87D374-69BE-4230-93B3-FD87DD75A8F5}.Debug|Any CPU.Build.0 = Debug|Any CPU
		{CC87D374-69BE-4230-93B3-FD87DD75A8F5}.Release|Any CPU.ActiveCfg = Release|Any CPU
		{CC87D374-69BE-4230-93B3-FD87DD75A8F5}.Release|Any CPU.Build.0 = Release|Any CPU
		{D8A7D53E-97A7-42EC-B952-D713C6A71133}.Debug|Any CPU.ActiveCfg = Debug|Any CPU
		{D8A7D53E-97A7-42EC-B952-D713C6A71133}.Debug|Any CPU.Build.0 = Debug|Any CPU
		{D8A7D53E-97A7-42EC-B952-D713C6A71133}.Release|Any CPU.ActiveCfg = Release|Any CPU
		{D8A7D53E-97A7-42EC-B952-D713C6A71133}.Release|Any CPU.Build.0 = Release|Any CPU
		{BF5E1C2B-D3CC-4920-BD4E-CF5538BFC70D}.Debug|Any CPU.ActiveCfg = Debug|Any CPU
		{BF5E1C2B-D3CC-4920-BD4E-CF5538BFC70D}.Debug|Any CPU.Build.0 = Debug|Any CPU
		{BF5E1C2B-D3CC-4920-BD4E-CF5538BFC70D}.Release|Any CPU.ActiveCfg = Release|Any CPU
		{BF5E1C2B-D3CC-4920-BD4E-CF5538BFC70D}.Release|Any CPU.Build.0 = Release|Any CPU
		{9F6F0365-DA96-4CEF-8AA9-8B1AF8658E51}.Debug|Any CPU.ActiveCfg = Debug|Any CPU
		{9F6F0365-DA96-4CEF-8AA9-8B1AF8658E51}.Debug|Any CPU.Build.0 = Debug|Any CPU
		{9F6F0365-DA96-4CEF-8AA9-8B1AF8658E51}.Release|Any CPU.ActiveCfg = Release|Any CPU
		{9F6F0365-DA96-4CEF-8AA9-8B1AF8658E51}.Release|Any CPU.Build.0 = Release|Any CPU
		{0B4A6675-C819-419C-BF52-D83329623C2E}.Debug|Any CPU.ActiveCfg = Debug|Any CPU
		{0B4A6675-C819-419C-BF52-D83329623C2E}.Debug|Any CPU.Build.0 = Debug|Any CPU
		{0B4A6675-C819-419C-BF52-D83329623C2E}.Release|Any CPU.ActiveCfg = Release|Any CPU
		{0B4A6675-C819-419C-BF52-D83329623C2E}.Release|Any CPU.Build.0 = Release|Any CPU
		{43513CCF-DF05-46C0-B0B4-6FEF81EA85A9}.Debug|Any CPU.ActiveCfg = Debug|Any CPU
		{43513CCF-DF05-46C0-B0B4-6FEF81EA85A9}.Debug|Any CPU.Build.0 = Debug|Any CPU
		{43513CCF-DF05-46C0-B0B4-6FEF81EA85A9}.Release|Any CPU.ActiveCfg = Release|Any CPU
		{43513CCF-DF05-46C0-B0B4-6FEF81EA85A9}.Release|Any CPU.Build.0 = Release|Any CPU
		{C450537C-DEAF-4EAE-9CA6-97AC20AB922D}.Debug|Any CPU.ActiveCfg = Debug|Any CPU
		{C450537C-DEAF-4EAE-9CA6-97AC20AB922D}.Debug|Any CPU.Build.0 = Debug|Any CPU
		{C450537C-DEAF-4EAE-9CA6-97AC20AB922D}.Release|Any CPU.ActiveCfg = Release|Any CPU
		{C450537C-DEAF-4EAE-9CA6-97AC20AB922D}.Release|Any CPU.Build.0 = Release|Any CPU
		{041910AE-650A-470B-ADE0-9E6C68377203}.Debug|Any CPU.ActiveCfg = Debug|Any CPU
		{041910AE-650A-470B-ADE0-9E6C68377203}.Debug|Any CPU.Build.0 = Debug|Any CPU
		{041910AE-650A-470B-ADE0-9E6C68377203}.Release|Any CPU.ActiveCfg = Release|Any CPU
		{041910AE-650A-470B-ADE0-9E6C68377203}.Release|Any CPU.Build.0 = Release|Any CPU
		{B9C3B957-D914-410A-AC82-9F9A47FEBB31}.Debug|Any CPU.ActiveCfg = Debug|Any CPU
		{B9C3B957-D914-410A-AC82-9F9A47FEBB31}.Debug|Any CPU.Build.0 = Debug|Any CPU
		{B9C3B957-D914-410A-AC82-9F9A47FEBB31}.Release|Any CPU.ActiveCfg = Release|Any CPU
		{B9C3B957-D914-410A-AC82-9F9A47FEBB31}.Release|Any CPU.Build.0 = Release|Any CPU
		{3C4B12BA-436B-4BA7-86EC-40F83B8ECC17}.Debug|Any CPU.ActiveCfg = Debug|Any CPU
		{3C4B12BA-436B-4BA7-86EC-40F83B8ECC17}.Debug|Any CPU.Build.0 = Debug|Any CPU
		{3C4B12BA-436B-4BA7-86EC-40F83B8ECC17}.Release|Any CPU.ActiveCfg = Release|Any CPU
		{3C4B12BA-436B-4BA7-86EC-40F83B8ECC17}.Release|Any CPU.Build.0 = Release|Any CPU
		{FE976DF9-3691-470D-B7C4-0D7300B4DA44}.Debug|Any CPU.ActiveCfg = Debug|Any CPU
		{FE976DF9-3691-470D-B7C4-0D7300B4DA44}.Debug|Any CPU.Build.0 = Debug|Any CPU
		{FE976DF9-3691-470D-B7C4-0D7300B4DA44}.Release|Any CPU.ActiveCfg = Release|Any CPU
		{FE976DF9-3691-470D-B7C4-0D7300B4DA44}.Release|Any CPU.Build.0 = Release|Any CPU
		{ADAE45A7-8B29-46D0-BF39-DEB0BB435CA7}.Debug|Any CPU.ActiveCfg = Debug|Any CPU
		{ADAE45A7-8B29-46D0-BF39-DEB0BB435CA7}.Debug|Any CPU.Build.0 = Debug|Any CPU
		{ADAE45A7-8B29-46D0-BF39-DEB0BB435CA7}.Release|Any CPU.ActiveCfg = Release|Any CPU
		{ADAE45A7-8B29-46D0-BF39-DEB0BB435CA7}.Release|Any CPU.Build.0 = Release|Any CPU
		{660E04FB-6C87-471E-A2AC-247743845D3B}.Debug|Any CPU.ActiveCfg = Debug|Any CPU
		{660E04FB-6C87-471E-A2AC-247743845D3B}.Debug|Any CPU.Build.0 = Debug|Any CPU
		{660E04FB-6C87-471E-A2AC-247743845D3B}.Release|Any CPU.ActiveCfg = Release|Any CPU
		{660E04FB-6C87-471E-A2AC-247743845D3B}.Release|Any CPU.Build.0 = Release|Any CPU
		{E718DDBE-6B0B-4D92-918A-4154A127BB0B}.Debug|Any CPU.ActiveCfg = Debug|Any CPU
		{E718DDBE-6B0B-4D92-918A-4154A127BB0B}.Debug|Any CPU.Build.0 = Debug|Any CPU
		{E718DDBE-6B0B-4D92-918A-4154A127BB0B}.Release|Any CPU.ActiveCfg = Release|Any CPU
		{E718DDBE-6B0B-4D92-918A-4154A127BB0B}.Release|Any CPU.Build.0 = Release|Any CPU
		{A984C858-8F03-4D8E-8335-32461228B94E}.Debug|Any CPU.ActiveCfg = Debug|Any CPU
		{A984C858-8F03-4D8E-8335-32461228B94E}.Debug|Any CPU.Build.0 = Debug|Any CPU
		{A984C858-8F03-4D8E-8335-32461228B94E}.Release|Any CPU.ActiveCfg = Release|Any CPU
		{A984C858-8F03-4D8E-8335-32461228B94E}.Release|Any CPU.Build.0 = Release|Any CPU
		{1CE0DF06-AB9A-4A40-93B4-0F1CFC968042}.Debug|Any CPU.ActiveCfg = Debug|Any CPU
		{1CE0DF06-AB9A-4A40-93B4-0F1CFC968042}.Debug|Any CPU.Build.0 = Debug|Any CPU
		{1CE0DF06-AB9A-4A40-93B4-0F1CFC968042}.Release|Any CPU.ActiveCfg = Release|Any CPU
		{1CE0DF06-AB9A-4A40-93B4-0F1CFC968042}.Release|Any CPU.Build.0 = Release|Any CPU
		{2F58994C-3548-46B8-8446-03903690B8A4}.Debug|Any CPU.ActiveCfg = Debug|Any CPU
		{2F58994C-3548-46B8-8446-03903690B8A4}.Debug|Any CPU.Build.0 = Debug|Any CPU
		{2F58994C-3548-46B8-8446-03903690B8A4}.Release|Any CPU.ActiveCfg = Release|Any CPU
		{2F58994C-3548-46B8-8446-03903690B8A4}.Release|Any CPU.Build.0 = Release|Any CPU
		{6348366C-0D8C-4AF9-946A-47322B7A7B9E}.Debug|Any CPU.ActiveCfg = Debug|Any CPU
		{6348366C-0D8C-4AF9-946A-47322B7A7B9E}.Debug|Any CPU.Build.0 = Debug|Any CPU
		{6348366C-0D8C-4AF9-946A-47322B7A7B9E}.Release|Any CPU.ActiveCfg = Release|Any CPU
		{6348366C-0D8C-4AF9-946A-47322B7A7B9E}.Release|Any CPU.Build.0 = Release|Any CPU
		{E07CE098-610D-4B2C-B77B-28B004A234D3}.Debug|Any CPU.ActiveCfg = Debug|Any CPU
		{E07CE098-610D-4B2C-B77B-28B004A234D3}.Debug|Any CPU.Build.0 = Debug|Any CPU
		{E07CE098-610D-4B2C-B77B-28B004A234D3}.Release|Any CPU.ActiveCfg = Release|Any CPU
		{E07CE098-610D-4B2C-B77B-28B004A234D3}.Release|Any CPU.Build.0 = Release|Any CPU
		{7DA973C3-39AD-432C-8AEB-52BE7D6021B4}.Debug|Any CPU.ActiveCfg = Debug|Any CPU
		{7DA973C3-39AD-432C-8AEB-52BE7D6021B4}.Debug|Any CPU.Build.0 = Debug|Any CPU
		{7DA973C3-39AD-432C-8AEB-52BE7D6021B4}.Release|Any CPU.ActiveCfg = Release|Any CPU
		{7DA973C3-39AD-432C-8AEB-52BE7D6021B4}.Release|Any CPU.Build.0 = Release|Any CPU
		{48A32EBD-1117-4546-989E-42F9B9E744EA}.Debug|Any CPU.ActiveCfg = Debug|Any CPU
		{48A32EBD-1117-4546-989E-42F9B9E744EA}.Debug|Any CPU.Build.0 = Debug|Any CPU
		{48A32EBD-1117-4546-989E-42F9B9E744EA}.Release|Any CPU.ActiveCfg = Release|Any CPU
		{48A32EBD-1117-4546-989E-42F9B9E744EA}.Release|Any CPU.Build.0 = Release|Any CPU
		{0C34EE90-22D3-4647-A576-65F8DA7E8169}.Debug|Any CPU.ActiveCfg = Debug|Any CPU
		{0C34EE90-22D3-4647-A576-65F8DA7E8169}.Debug|Any CPU.Build.0 = Debug|Any CPU
		{0C34EE90-22D3-4647-A576-65F8DA7E8169}.Release|Any CPU.ActiveCfg = Release|Any CPU
		{0C34EE90-22D3-4647-A576-65F8DA7E8169}.Release|Any CPU.Build.0 = Release|Any CPU
		{DD659AC4-A606-4E0C-8E7D-B3C274D2E260}.Debug|Any CPU.ActiveCfg = Debug|Any CPU
		{DD659AC4-A606-4E0C-8E7D-B3C274D2E260}.Debug|Any CPU.Build.0 = Debug|Any CPU
		{DD659AC4-A606-4E0C-8E7D-B3C274D2E260}.Release|Any CPU.ActiveCfg = Release|Any CPU
		{DD659AC4-A606-4E0C-8E7D-B3C274D2E260}.Release|Any CPU.Build.0 = Release|Any CPU
		{703F936A-CC93-451C-A557-7566926FAB63}.Debug|Any CPU.ActiveCfg = Debug|Any CPU
		{703F936A-CC93-451C-A557-7566926FAB63}.Debug|Any CPU.Build.0 = Debug|Any CPU
		{703F936A-CC93-451C-A557-7566926FAB63}.Release|Any CPU.ActiveCfg = Release|Any CPU
		{703F936A-CC93-451C-A557-7566926FAB63}.Release|Any CPU.Build.0 = Release|Any CPU
		{5D1784C4-5A4A-41DF-917B-86594CEDA4A6}.Debug|Any CPU.ActiveCfg = Debug|Any CPU
		{5D1784C4-5A4A-41DF-917B-86594CEDA4A6}.Debug|Any CPU.Build.0 = Debug|Any CPU
		{5D1784C4-5A4A-41DF-917B-86594CEDA4A6}.Release|Any CPU.ActiveCfg = Release|Any CPU
		{5D1784C4-5A4A-41DF-917B-86594CEDA4A6}.Release|Any CPU.Build.0 = Release|Any CPU
		{6CD0FC41-5865-4FC1-B80F-5DBA826CF285}.Debug|Any CPU.ActiveCfg = Debug|Any CPU
		{6CD0FC41-5865-4FC1-B80F-5DBA826CF285}.Debug|Any CPU.Build.0 = Debug|Any CPU
		{6CD0FC41-5865-4FC1-B80F-5DBA826CF285}.Release|Any CPU.ActiveCfg = Release|Any CPU
		{6CD0FC41-5865-4FC1-B80F-5DBA826CF285}.Release|Any CPU.Build.0 = Release|Any CPU
		{6AAA4997-B9CD-4926-BD8D-B81A29726CED}.Debug|Any CPU.ActiveCfg = Debug|Any CPU
		{6AAA4997-B9CD-4926-BD8D-B81A29726CED}.Debug|Any CPU.Build.0 = Debug|Any CPU
		{6AAA4997-B9CD-4926-BD8D-B81A29726CED}.Release|Any CPU.ActiveCfg = Release|Any CPU
		{6AAA4997-B9CD-4926-BD8D-B81A29726CED}.Release|Any CPU.Build.0 = Release|Any CPU
		{9228AF1D-380B-4086-8D1E-ED4DA444B59C}.Debug|Any CPU.ActiveCfg = Debug|Any CPU
		{9228AF1D-380B-4086-8D1E-ED4DA444B59C}.Debug|Any CPU.Build.0 = Debug|Any CPU
		{9228AF1D-380B-4086-8D1E-ED4DA444B59C}.Release|Any CPU.ActiveCfg = Release|Any CPU
		{9228AF1D-380B-4086-8D1E-ED4DA444B59C}.Release|Any CPU.Build.0 = Release|Any CPU
		{3A8DC804-4AF1-4344-8A93-0BCC52869874}.Debug|Any CPU.ActiveCfg = Debug|Any CPU
		{3A8DC804-4AF1-4344-8A93-0BCC52869874}.Debug|Any CPU.Build.0 = Debug|Any CPU
		{3A8DC804-4AF1-4344-8A93-0BCC52869874}.Release|Any CPU.ActiveCfg = Release|Any CPU
		{3A8DC804-4AF1-4344-8A93-0BCC52869874}.Release|Any CPU.Build.0 = Release|Any CPU
		{53D5E02B-8EEC-4C7F-85B5-4125E6B5FB7D}.Debug|Any CPU.ActiveCfg = Debug|Any CPU
		{53D5E02B-8EEC-4C7F-85B5-4125E6B5FB7D}.Debug|Any CPU.Build.0 = Debug|Any CPU
		{53D5E02B-8EEC-4C7F-85B5-4125E6B5FB7D}.Release|Any CPU.ActiveCfg = Release|Any CPU
		{53D5E02B-8EEC-4C7F-85B5-4125E6B5FB7D}.Release|Any CPU.Build.0 = Release|Any CPU
		{14EAF5E9-E04A-42DC-B8D0-4DE483796510}.Debug|Any CPU.ActiveCfg = Debug|Any CPU
		{14EAF5E9-E04A-42DC-B8D0-4DE483796510}.Debug|Any CPU.Build.0 = Debug|Any CPU
		{14EAF5E9-E04A-42DC-B8D0-4DE483796510}.Release|Any CPU.ActiveCfg = Release|Any CPU
		{14EAF5E9-E04A-42DC-B8D0-4DE483796510}.Release|Any CPU.Build.0 = Release|Any CPU
		{806F0FF0-638B-44BB-ADBD-99874847EA44}.Debug|Any CPU.ActiveCfg = Debug|Any CPU
		{806F0FF0-638B-44BB-ADBD-99874847EA44}.Debug|Any CPU.Build.0 = Debug|Any CPU
		{806F0FF0-638B-44BB-ADBD-99874847EA44}.Release|Any CPU.ActiveCfg = Release|Any CPU
		{806F0FF0-638B-44BB-ADBD-99874847EA44}.Release|Any CPU.Build.0 = Release|Any CPU
		{A8613403-FC99-4995-8D8D-DE3F21AFA39C}.Debug|Any CPU.ActiveCfg = Debug|Any CPU
		{A8613403-FC99-4995-8D8D-DE3F21AFA39C}.Debug|Any CPU.Build.0 = Debug|Any CPU
		{A8613403-FC99-4995-8D8D-DE3F21AFA39C}.Release|Any CPU.ActiveCfg = Release|Any CPU
		{A8613403-FC99-4995-8D8D-DE3F21AFA39C}.Release|Any CPU.Build.0 = Release|Any CPU
		{0F502ED4-A0C1-40BC-8F0C-CEE8DEA76C7E}.Debug|Any CPU.ActiveCfg = Debug|Any CPU
		{0F502ED4-A0C1-40BC-8F0C-CEE8DEA76C7E}.Debug|Any CPU.Build.0 = Debug|Any CPU
		{0F502ED4-A0C1-40BC-8F0C-CEE8DEA76C7E}.Release|Any CPU.ActiveCfg = Release|Any CPU
		{0F502ED4-A0C1-40BC-8F0C-CEE8DEA76C7E}.Release|Any CPU.Build.0 = Release|Any CPU
		{A128A00C-CDD8-4FFB-91C5-896B67D91B76}.Debug|Any CPU.ActiveCfg = Debug|Any CPU
		{A128A00C-CDD8-4FFB-91C5-896B67D91B76}.Debug|Any CPU.Build.0 = Debug|Any CPU
		{A128A00C-CDD8-4FFB-91C5-896B67D91B76}.Release|Any CPU.ActiveCfg = Release|Any CPU
		{A128A00C-CDD8-4FFB-91C5-896B67D91B76}.Release|Any CPU.Build.0 = Release|Any CPU
		{DBD3E772-B7DC-4F39-A7AF-E496E0B09943}.Debug|Any CPU.ActiveCfg = Debug|Any CPU
		{DBD3E772-B7DC-4F39-A7AF-E496E0B09943}.Debug|Any CPU.Build.0 = Debug|Any CPU
		{DBD3E772-B7DC-4F39-A7AF-E496E0B09943}.Release|Any CPU.ActiveCfg = Release|Any CPU
		{DBD3E772-B7DC-4F39-A7AF-E496E0B09943}.Release|Any CPU.Build.0 = Release|Any CPU
		{E9A43467-8E93-4A7B-BBD6-628A5FC2C862}.Debug|Any CPU.ActiveCfg = Debug|Any CPU
		{E9A43467-8E93-4A7B-BBD6-628A5FC2C862}.Debug|Any CPU.Build.0 = Debug|Any CPU
		{E9A43467-8E93-4A7B-BBD6-628A5FC2C862}.Release|Any CPU.ActiveCfg = Release|Any CPU
		{E9A43467-8E93-4A7B-BBD6-628A5FC2C862}.Release|Any CPU.Build.0 = Release|Any CPU
		{A6FAA3A0-211A-4BE5-A370-289D3B37E1CB}.Debug|Any CPU.ActiveCfg = Debug|Any CPU
		{A6FAA3A0-211A-4BE5-A370-289D3B37E1CB}.Debug|Any CPU.Build.0 = Debug|Any CPU
		{A6FAA3A0-211A-4BE5-A370-289D3B37E1CB}.Release|Any CPU.ActiveCfg = Release|Any CPU
		{A6FAA3A0-211A-4BE5-A370-289D3B37E1CB}.Release|Any CPU.Build.0 = Release|Any CPU
		{E59FE57E-E407-4091-A106-952B816C78CE}.Debug|Any CPU.ActiveCfg = Debug|Any CPU
		{E59FE57E-E407-4091-A106-952B816C78CE}.Debug|Any CPU.Build.0 = Debug|Any CPU
		{E59FE57E-E407-4091-A106-952B816C78CE}.Release|Any CPU.ActiveCfg = Release|Any CPU
		{E59FE57E-E407-4091-A106-952B816C78CE}.Release|Any CPU.Build.0 = Release|Any CPU
		{89DA215E-32D8-4696-AF4B-3A0525C4C427}.Debug|Any CPU.ActiveCfg = Debug|Any CPU
		{89DA215E-32D8-4696-AF4B-3A0525C4C427}.Debug|Any CPU.Build.0 = Debug|Any CPU
		{89DA215E-32D8-4696-AF4B-3A0525C4C427}.Release|Any CPU.ActiveCfg = Release|Any CPU
		{89DA215E-32D8-4696-AF4B-3A0525C4C427}.Release|Any CPU.Build.0 = Release|Any CPU
		{43CCC893-0F45-4FA6-8A2B-D80703A6EDF4}.Debug|Any CPU.ActiveCfg = Debug|Any CPU
		{43CCC893-0F45-4FA6-8A2B-D80703A6EDF4}.Debug|Any CPU.Build.0 = Debug|Any CPU
		{43CCC893-0F45-4FA6-8A2B-D80703A6EDF4}.Release|Any CPU.ActiveCfg = Release|Any CPU
		{43CCC893-0F45-4FA6-8A2B-D80703A6EDF4}.Release|Any CPU.Build.0 = Release|Any CPU
		{2BD8B5F7-1CEB-4C7D-B93E-2C1D435F57F0}.Debug|Any CPU.ActiveCfg = Debug|Any CPU
		{2BD8B5F7-1CEB-4C7D-B93E-2C1D435F57F0}.Debug|Any CPU.Build.0 = Debug|Any CPU
		{2BD8B5F7-1CEB-4C7D-B93E-2C1D435F57F0}.Release|Any CPU.ActiveCfg = Release|Any CPU
		{2BD8B5F7-1CEB-4C7D-B93E-2C1D435F57F0}.Release|Any CPU.Build.0 = Release|Any CPU
		{62B07D96-21DA-43F6-832D-933CD9629A0E}.Debug|Any CPU.ActiveCfg = Debug|Any CPU
		{62B07D96-21DA-43F6-832D-933CD9629A0E}.Debug|Any CPU.Build.0 = Debug|Any CPU
		{62B07D96-21DA-43F6-832D-933CD9629A0E}.Release|Any CPU.ActiveCfg = Release|Any CPU
		{62B07D96-21DA-43F6-832D-933CD9629A0E}.Release|Any CPU.Build.0 = Release|Any CPU
		{DBAAD7A7-AA8B-4738-A3D8-EA7E4B200999}.Debug|Any CPU.ActiveCfg = Debug|Any CPU
		{DBAAD7A7-AA8B-4738-A3D8-EA7E4B200999}.Debug|Any CPU.Build.0 = Debug|Any CPU
		{DBAAD7A7-AA8B-4738-A3D8-EA7E4B200999}.Release|Any CPU.ActiveCfg = Release|Any CPU
		{DBAAD7A7-AA8B-4738-A3D8-EA7E4B200999}.Release|Any CPU.Build.0 = Release|Any CPU
		{EAB33457-8617-46A1-845B-B7A5D763FF27}.Debug|Any CPU.ActiveCfg = Debug|Any CPU
		{EAB33457-8617-46A1-845B-B7A5D763FF27}.Debug|Any CPU.Build.0 = Debug|Any CPU
		{EAB33457-8617-46A1-845B-B7A5D763FF27}.Release|Any CPU.ActiveCfg = Release|Any CPU
		{EAB33457-8617-46A1-845B-B7A5D763FF27}.Release|Any CPU.Build.0 = Release|Any CPU
		{EF52F67C-0391-4D99-94CB-FAB84DC1F0A6}.Debug|Any CPU.ActiveCfg = Debug|Any CPU
		{EF52F67C-0391-4D99-94CB-FAB84DC1F0A6}.Debug|Any CPU.Build.0 = Debug|Any CPU
		{EF52F67C-0391-4D99-94CB-FAB84DC1F0A6}.Release|Any CPU.ActiveCfg = Release|Any CPU
		{EF52F67C-0391-4D99-94CB-FAB84DC1F0A6}.Release|Any CPU.Build.0 = Release|Any CPU
		{204695DB-340A-46C7-8B65-B3E88CA23CF9}.Debug|Any CPU.ActiveCfg = Debug|Any CPU
		{204695DB-340A-46C7-8B65-B3E88CA23CF9}.Debug|Any CPU.Build.0 = Debug|Any CPU
		{204695DB-340A-46C7-8B65-B3E88CA23CF9}.Release|Any CPU.ActiveCfg = Release|Any CPU
		{204695DB-340A-46C7-8B65-B3E88CA23CF9}.Release|Any CPU.Build.0 = Release|Any CPU
		{F645B0AA-144A-4D11-9ED8-2593262CA8D4}.Debug|Any CPU.ActiveCfg = Debug|Any CPU
		{F645B0AA-144A-4D11-9ED8-2593262CA8D4}.Debug|Any CPU.Build.0 = Debug|Any CPU
		{F645B0AA-144A-4D11-9ED8-2593262CA8D4}.Release|Any CPU.ActiveCfg = Release|Any CPU
		{F645B0AA-144A-4D11-9ED8-2593262CA8D4}.Release|Any CPU.Build.0 = Release|Any CPU
		{8F6EBB93-FAD5-4A3F-8E33-CB82FDF6FADF}.Debug|Any CPU.ActiveCfg = Debug|Any CPU
		{8F6EBB93-FAD5-4A3F-8E33-CB82FDF6FADF}.Debug|Any CPU.Build.0 = Debug|Any CPU
		{8F6EBB93-FAD5-4A3F-8E33-CB82FDF6FADF}.Release|Any CPU.ActiveCfg = Release|Any CPU
		{8F6EBB93-FAD5-4A3F-8E33-CB82FDF6FADF}.Release|Any CPU.Build.0 = Release|Any CPU
		{D27E5F8E-044C-46C8-B48E-ED6C16CF1908}.Debug|Any CPU.ActiveCfg = Debug|Any CPU
		{D27E5F8E-044C-46C8-B48E-ED6C16CF1908}.Debug|Any CPU.Build.0 = Debug|Any CPU
		{D27E5F8E-044C-46C8-B48E-ED6C16CF1908}.Release|Any CPU.ActiveCfg = Release|Any CPU
		{D27E5F8E-044C-46C8-B48E-ED6C16CF1908}.Release|Any CPU.Build.0 = Release|Any CPU
		{22930141-EF8B-4C38-A025-78D34C3E1075}.Debug|Any CPU.ActiveCfg = Debug|Any CPU
		{22930141-EF8B-4C38-A025-78D34C3E1075}.Debug|Any CPU.Build.0 = Debug|Any CPU
		{22930141-EF8B-4C38-A025-78D34C3E1075}.Release|Any CPU.ActiveCfg = Release|Any CPU
		{22930141-EF8B-4C38-A025-78D34C3E1075}.Release|Any CPU.Build.0 = Release|Any CPU
		{C09F3D9F-501B-4A34-9D4B-67DCE9311286}.Debug|Any CPU.ActiveCfg = Debug|Any CPU
		{C09F3D9F-501B-4A34-9D4B-67DCE9311286}.Debug|Any CPU.Build.0 = Debug|Any CPU
		{C09F3D9F-501B-4A34-9D4B-67DCE9311286}.Release|Any CPU.ActiveCfg = Release|Any CPU
		{C09F3D9F-501B-4A34-9D4B-67DCE9311286}.Release|Any CPU.Build.0 = Release|Any CPU
		{D2B3C50B-AE59-485F-9B68-AD476B3557C3}.Debug|Any CPU.ActiveCfg = Debug|Any CPU
		{D2B3C50B-AE59-485F-9B68-AD476B3557C3}.Debug|Any CPU.Build.0 = Debug|Any CPU
		{D2B3C50B-AE59-485F-9B68-AD476B3557C3}.Release|Any CPU.ActiveCfg = Release|Any CPU
		{D2B3C50B-AE59-485F-9B68-AD476B3557C3}.Release|Any CPU.Build.0 = Release|Any CPU
		{A89903F2-435C-4725-8A92-C4B96B10737F}.Debug|Any CPU.ActiveCfg = Debug|Any CPU
		{A89903F2-435C-4725-8A92-C4B96B10737F}.Debug|Any CPU.Build.0 = Debug|Any CPU
		{A89903F2-435C-4725-8A92-C4B96B10737F}.Release|Any CPU.ActiveCfg = Release|Any CPU
		{A89903F2-435C-4725-8A92-C4B96B10737F}.Release|Any CPU.Build.0 = Release|Any CPU
		{2959D5D3-4F65-4497-A6DF-989BB07F7BAB}.Debug|Any CPU.ActiveCfg = Debug|Any CPU
		{2959D5D3-4F65-4497-A6DF-989BB07F7BAB}.Debug|Any CPU.Build.0 = Debug|Any CPU
		{2959D5D3-4F65-4497-A6DF-989BB07F7BAB}.Release|Any CPU.ActiveCfg = Release|Any CPU
		{2959D5D3-4F65-4497-A6DF-989BB07F7BAB}.Release|Any CPU.Build.0 = Release|Any CPU
		{35AF4D31-C520-4DED-9096-054FAA8C552C}.Debug|Any CPU.ActiveCfg = Debug|Any CPU
		{35AF4D31-C520-4DED-9096-054FAA8C552C}.Debug|Any CPU.Build.0 = Debug|Any CPU
		{35AF4D31-C520-4DED-9096-054FAA8C552C}.Release|Any CPU.ActiveCfg = Release|Any CPU
		{35AF4D31-C520-4DED-9096-054FAA8C552C}.Release|Any CPU.Build.0 = Release|Any CPU
		{CED4276E-EF7A-4533-8C75-FFAFF8A9EE47}.Debug|Any CPU.ActiveCfg = Debug|Any CPU
		{CED4276E-EF7A-4533-8C75-FFAFF8A9EE47}.Debug|Any CPU.Build.0 = Debug|Any CPU
		{CED4276E-EF7A-4533-8C75-FFAFF8A9EE47}.Release|Any CPU.ActiveCfg = Release|Any CPU
		{CED4276E-EF7A-4533-8C75-FFAFF8A9EE47}.Release|Any CPU.Build.0 = Release|Any CPU
		{B8D50399-B7C1-4E7F-9BE0-0107A84856DC}.Debug|Any CPU.ActiveCfg = Debug|Any CPU
		{B8D50399-B7C1-4E7F-9BE0-0107A84856DC}.Debug|Any CPU.Build.0 = Debug|Any CPU
		{B8D50399-B7C1-4E7F-9BE0-0107A84856DC}.Release|Any CPU.ActiveCfg = Release|Any CPU
		{B8D50399-B7C1-4E7F-9BE0-0107A84856DC}.Release|Any CPU.Build.0 = Release|Any CPU
		{A7BF0519-7679-4AB6-99DE-DAF2353366CF}.Debug|Any CPU.ActiveCfg = Debug|Any CPU
		{A7BF0519-7679-4AB6-99DE-DAF2353366CF}.Debug|Any CPU.Build.0 = Debug|Any CPU
		{A7BF0519-7679-4AB6-99DE-DAF2353366CF}.Release|Any CPU.ActiveCfg = Release|Any CPU
		{A7BF0519-7679-4AB6-99DE-DAF2353366CF}.Release|Any CPU.Build.0 = Release|Any CPU
		{3F71C329-3A8B-4877-A13A-0EB67D39A90C}.Debug|Any CPU.ActiveCfg = Debug|Any CPU
		{3F71C329-3A8B-4877-A13A-0EB67D39A90C}.Debug|Any CPU.Build.0 = Debug|Any CPU
		{3F71C329-3A8B-4877-A13A-0EB67D39A90C}.Release|Any CPU.ActiveCfg = Release|Any CPU
		{3F71C329-3A8B-4877-A13A-0EB67D39A90C}.Release|Any CPU.Build.0 = Release|Any CPU
		{1F9E15A5-0886-4097-A497-4C031332725A}.Debug|Any CPU.ActiveCfg = Debug|Any CPU
		{1F9E15A5-0886-4097-A497-4C031332725A}.Debug|Any CPU.Build.0 = Debug|Any CPU
		{1F9E15A5-0886-4097-A497-4C031332725A}.Release|Any CPU.ActiveCfg = Release|Any CPU
		{1F9E15A5-0886-4097-A497-4C031332725A}.Release|Any CPU.Build.0 = Release|Any CPU
		{AA6A7076-E833-40C2-9AF6-695ACB7DB3E3}.Debug|Any CPU.ActiveCfg = Debug|Any CPU
		{AA6A7076-E833-40C2-9AF6-695ACB7DB3E3}.Debug|Any CPU.Build.0 = Debug|Any CPU
		{AA6A7076-E833-40C2-9AF6-695ACB7DB3E3}.Release|Any CPU.ActiveCfg = Release|Any CPU
		{AA6A7076-E833-40C2-9AF6-695ACB7DB3E3}.Release|Any CPU.Build.0 = Release|Any CPU
		{A1C0094C-AA08-4645-8945-752CBBAC03E4}.Debug|Any CPU.ActiveCfg = Debug|Any CPU
		{A1C0094C-AA08-4645-8945-752CBBAC03E4}.Debug|Any CPU.Build.0 = Debug|Any CPU
		{A1C0094C-AA08-4645-8945-752CBBAC03E4}.Release|Any CPU.ActiveCfg = Release|Any CPU
		{A1C0094C-AA08-4645-8945-752CBBAC03E4}.Release|Any CPU.Build.0 = Release|Any CPU
		{8B955268-B5C3-429A-9C1D-E6FE15E7935A}.Debug|Any CPU.ActiveCfg = Debug|Any CPU
		{8B955268-B5C3-429A-9C1D-E6FE15E7935A}.Debug|Any CPU.Build.0 = Debug|Any CPU
		{8B955268-B5C3-429A-9C1D-E6FE15E7935A}.Release|Any CPU.ActiveCfg = Release|Any CPU
		{8B955268-B5C3-429A-9C1D-E6FE15E7935A}.Release|Any CPU.Build.0 = Release|Any CPU
		{6933A7A9-90F9-4CE4-9BD1-7CC0F4DA50D1}.Debug|Any CPU.ActiveCfg = Debug|Any CPU
		{6933A7A9-90F9-4CE4-9BD1-7CC0F4DA50D1}.Debug|Any CPU.Build.0 = Debug|Any CPU
		{6933A7A9-90F9-4CE4-9BD1-7CC0F4DA50D1}.Release|Any CPU.ActiveCfg = Release|Any CPU
		{6933A7A9-90F9-4CE4-9BD1-7CC0F4DA50D1}.Release|Any CPU.Build.0 = Release|Any CPU
		{842B30A9-2467-4AA9-9484-0F7E98607CCB}.Debug|Any CPU.ActiveCfg = Debug|Any CPU
		{842B30A9-2467-4AA9-9484-0F7E98607CCB}.Debug|Any CPU.Build.0 = Debug|Any CPU
		{842B30A9-2467-4AA9-9484-0F7E98607CCB}.Release|Any CPU.ActiveCfg = Release|Any CPU
		{842B30A9-2467-4AA9-9484-0F7E98607CCB}.Release|Any CPU.Build.0 = Release|Any CPU
		{0255FEFB-031C-4F26-8669-5D108FB457BB}.Debug|Any CPU.ActiveCfg = Debug|Any CPU
		{0255FEFB-031C-4F26-8669-5D108FB457BB}.Debug|Any CPU.Build.0 = Debug|Any CPU
		{0255FEFB-031C-4F26-8669-5D108FB457BB}.Release|Any CPU.ActiveCfg = Release|Any CPU
		{0255FEFB-031C-4F26-8669-5D108FB457BB}.Release|Any CPU.Build.0 = Release|Any CPU
		{D038A9E6-4E7D-4529-AF0E-98A080079ABE}.Debug|Any CPU.ActiveCfg = Debug|Any CPU
		{D038A9E6-4E7D-4529-AF0E-98A080079ABE}.Debug|Any CPU.Build.0 = Debug|Any CPU
		{D038A9E6-4E7D-4529-AF0E-98A080079ABE}.Release|Any CPU.ActiveCfg = Release|Any CPU
		{D038A9E6-4E7D-4529-AF0E-98A080079ABE}.Release|Any CPU.Build.0 = Release|Any CPU
	EndGlobalSection
	GlobalSection(NestedProjects) = preSolution
		{834DCCAC-320C-473C-BFB3-CFAA4D30A3A2} = {184FCDC8-F75F-4464-A47A-2D92FF6A63E6}
		{B2BBFDF6-7F7B-4149-AA7B-10006EF51F74} = {834DCCAC-320C-473C-BFB3-CFAA4D30A3A2}
		{7AA94AEA-C0F1-405B-9618-55BE283F9946} = {834DCCAC-320C-473C-BFB3-CFAA4D30A3A2}
		{78EB69E0-0AA6-4EEA-B430-85C22519B8E1} = {184FCDC8-F75F-4464-A47A-2D92FF6A63E6}
		{14D378DE-C06F-42E8-B16B-AC339F6923DE} = {78EB69E0-0AA6-4EEA-B430-85C22519B8E1}
		{C9342372-4324-4E42-AB49-EA3A29417821} = {45107E7A-53B9-443D-A17A-763F6DDBE5B8}
		{CB4FDAAA-A148-4C83-8744-0C160DB26CB3} = {C9342372-4324-4E42-AB49-EA3A29417821}
		{BA4B21A1-2F54-4EBC-BCEC-D38D02285ECA} = {CB4FDAAA-A148-4C83-8744-0C160DB26CB3}
		{31142E57-919D-40A9-8956-11BD8A9016C6} = {BA4B21A1-2F54-4EBC-BCEC-D38D02285ECA}
		{485A54B5-BC09-42B5-91BA-05D6DF97D827} = {31142E57-919D-40A9-8956-11BD8A9016C6}
		{B89DC00B-9EDD-409B-AC28-8859D76DFFFB} = {31142E57-919D-40A9-8956-11BD8A9016C6}
		{BCD2CE5D-FF7B-4328-A81C-C3ED88F8BEBD} = {31142E57-919D-40A9-8956-11BD8A9016C6}
		{91DD07B4-7A7F-4679-A026-5696423C336E} = {31142E57-919D-40A9-8956-11BD8A9016C6}
		{60577F5F-6E28-4358-8C47-6717298F156D} = {31142E57-919D-40A9-8956-11BD8A9016C6}
		{FDF3BAD4-EEC3-4A0E-84A6-60E4FD88841C} = {31142E57-919D-40A9-8956-11BD8A9016C6}
		{814DC5E5-2187-45EC-88EB-DBD7FCB047EF} = {31142E57-919D-40A9-8956-11BD8A9016C6}
		{CC87D374-69BE-4230-93B3-FD87DD75A8F5} = {31142E57-919D-40A9-8956-11BD8A9016C6}
		{D8A7D53E-97A7-42EC-B952-D713C6A71133} = {31142E57-919D-40A9-8956-11BD8A9016C6}
		{BF5E1C2B-D3CC-4920-BD4E-CF5538BFC70D} = {31142E57-919D-40A9-8956-11BD8A9016C6}
		{9F6F0365-DA96-4CEF-8AA9-8B1AF8658E51} = {31142E57-919D-40A9-8956-11BD8A9016C6}
		{DEA1F603-A112-4D8F-A845-11F906840070} = {C9342372-4324-4E42-AB49-EA3A29417821}
		{0B4A6675-C819-419C-BF52-D83329623C2E} = {DEA1F603-A112-4D8F-A845-11F906840070}
		{43513CCF-DF05-46C0-B0B4-6FEF81EA85A9} = {DEA1F603-A112-4D8F-A845-11F906840070}
		{C450537C-DEAF-4EAE-9CA6-97AC20AB922D} = {DEA1F603-A112-4D8F-A845-11F906840070}
		{EC7412D0-8450-4775-8648-2A1AB63F1CCB} = {45107E7A-53B9-443D-A17A-763F6DDBE5B8}
		{01F162CC-CF1D-407D-B52E-9E5BA6041ABF} = {EC7412D0-8450-4775-8648-2A1AB63F1CCB}
		{041910AE-650A-470B-ADE0-9E6C68377203} = {01F162CC-CF1D-407D-B52E-9E5BA6041ABF}
		{B9C3B957-D914-410A-AC82-9F9A47FEBB31} = {01F162CC-CF1D-407D-B52E-9E5BA6041ABF}
		{3C4B12BA-436B-4BA7-86EC-40F83B8ECC17} = {01F162CC-CF1D-407D-B52E-9E5BA6041ABF}
		{7A63C351-32C4-44AB-B315-35A103C47EBB} = {45107E7A-53B9-443D-A17A-763F6DDBE5B8}
		{743C7497-92EA-4553-955B-C46888CF0603} = {7A63C351-32C4-44AB-B315-35A103C47EBB}
		{FE976DF9-3691-470D-B7C4-0D7300B4DA44} = {743C7497-92EA-4553-955B-C46888CF0603}
		{ADAE45A7-8B29-46D0-BF39-DEB0BB435CA7} = {743C7497-92EA-4553-955B-C46888CF0603}
		{510667A5-449E-4A95-8943-586FF9D99F34} = {45107E7A-53B9-443D-A17A-763F6DDBE5B8}
		{EE37C3CA-4CE0-41AD-BC79-9DB1C6A68516} = {510667A5-449E-4A95-8943-586FF9D99F34}
		{660E04FB-6C87-471E-A2AC-247743845D3B} = {EE37C3CA-4CE0-41AD-BC79-9DB1C6A68516}
		{E718DDBE-6B0B-4D92-918A-4154A127BB0B} = {EE37C3CA-4CE0-41AD-BC79-9DB1C6A68516}
		{A984C858-8F03-4D8E-8335-32461228B94E} = {EE37C3CA-4CE0-41AD-BC79-9DB1C6A68516}
		{D38BAD45-89DA-4ADF-93E9-C9CEC467F5A7} = {45107E7A-53B9-443D-A17A-763F6DDBE5B8}
		{284C906B-9F14-420A-A1B4-4C4564ED15CE} = {D38BAD45-89DA-4ADF-93E9-C9CEC467F5A7}
		{1CE0DF06-AB9A-4A40-93B4-0F1CFC968042} = {284C906B-9F14-420A-A1B4-4C4564ED15CE}
		{2F58994C-3548-46B8-8446-03903690B8A4} = {284C906B-9F14-420A-A1B4-4C4564ED15CE}
		{6348366C-0D8C-4AF9-946A-47322B7A7B9E} = {284C906B-9F14-420A-A1B4-4C4564ED15CE}
		{4E5D8416-F6AA-4196-96A5-E026976CD170} = {45107E7A-53B9-443D-A17A-763F6DDBE5B8}
		{E7297DBF-6FEC-4F9A-8FBB-577BB080C0CC} = {4E5D8416-F6AA-4196-96A5-E026976CD170}
		{E07CE098-610D-4B2C-B77B-28B004A234D3} = {E7297DBF-6FEC-4F9A-8FBB-577BB080C0CC}
		{7DA973C3-39AD-432C-8AEB-52BE7D6021B4} = {E7297DBF-6FEC-4F9A-8FBB-577BB080C0CC}
		{48A32EBD-1117-4546-989E-42F9B9E744EA} = {E7297DBF-6FEC-4F9A-8FBB-577BB080C0CC}
		{6094771D-E63F-405C-AF07-9AD14BE91CA9} = {45107E7A-53B9-443D-A17A-763F6DDBE5B8}
		{389A79AF-A17C-4043-BC4E-FC1312F273C8} = {6094771D-E63F-405C-AF07-9AD14BE91CA9}
		{0C34EE90-22D3-4647-A576-65F8DA7E8169} = {389A79AF-A17C-4043-BC4E-FC1312F273C8}
		{DD659AC4-A606-4E0C-8E7D-B3C274D2E260} = {389A79AF-A17C-4043-BC4E-FC1312F273C8}
		{703F936A-CC93-451C-A557-7566926FAB63} = {389A79AF-A17C-4043-BC4E-FC1312F273C8}
		{89073934-6F20-4EB7-8C1D-EC42921DD735} = {A2D00EBC-2662-4E11-9E65-99D8CA0B922E}
		{E4ED6610-30FA-454B-B3A8-DF9E8E04991A} = {89073934-6F20-4EB7-8C1D-EC42921DD735}
		{5D1784C4-5A4A-41DF-917B-86594CEDA4A6} = {E4ED6610-30FA-454B-B3A8-DF9E8E04991A}
		{6E9B9D6C-BA01-46D6-A5E7-AA3151B70697} = {89073934-6F20-4EB7-8C1D-EC42921DD735}
		{6CD0FC41-5865-4FC1-B80F-5DBA826CF285} = {6E9B9D6C-BA01-46D6-A5E7-AA3151B70697}
		{6AAA4997-B9CD-4926-BD8D-B81A29726CED} = {6E9B9D6C-BA01-46D6-A5E7-AA3151B70697}
		{9228AF1D-380B-4086-8D1E-ED4DA444B59C} = {6E9B9D6C-BA01-46D6-A5E7-AA3151B70697}
		{3A8DC804-4AF1-4344-8A93-0BCC52869874} = {834DCCAC-320C-473C-BFB3-CFAA4D30A3A2}
		{EC92E8DC-4DCA-471F-A674-06005EBA2D3F} = {45107E7A-53B9-443D-A17A-763F6DDBE5B8}
		{968C4D23-FD61-4CD7-A4D0-845BE652B4F4} = {EC92E8DC-4DCA-471F-A674-06005EBA2D3F}
		{53D5E02B-8EEC-4C7F-85B5-4125E6B5FB7D} = {968C4D23-FD61-4CD7-A4D0-845BE652B4F4}
		{14EAF5E9-E04A-42DC-B8D0-4DE483796510} = {968C4D23-FD61-4CD7-A4D0-845BE652B4F4}
		{806F0FF0-638B-44BB-ADBD-99874847EA44} = {968C4D23-FD61-4CD7-A4D0-845BE652B4F4}
		{A8613403-FC99-4995-8D8D-DE3F21AFA39C} = {968C4D23-FD61-4CD7-A4D0-845BE652B4F4}
		{0F502ED4-A0C1-40BC-8F0C-CEE8DEA76C7E} = {968C4D23-FD61-4CD7-A4D0-845BE652B4F4}
		{A128A00C-CDD8-4FFB-91C5-896B67D91B76} = {968C4D23-FD61-4CD7-A4D0-845BE652B4F4}
		{DBD3E772-B7DC-4F39-A7AF-E496E0B09943} = {968C4D23-FD61-4CD7-A4D0-845BE652B4F4}
		{E03F6E83-4F71-44F3-9175-F209B95632E1} = {EC92E8DC-4DCA-471F-A674-06005EBA2D3F}
		{E9A43467-8E93-4A7B-BBD6-628A5FC2C862} = {E03F6E83-4F71-44F3-9175-F209B95632E1}
		{A6FAA3A0-211A-4BE5-A370-289D3B37E1CB} = {E03F6E83-4F71-44F3-9175-F209B95632E1}
		{E59FE57E-E407-4091-A106-952B816C78CE} = {E03F6E83-4F71-44F3-9175-F209B95632E1}
		{89DA215E-32D8-4696-AF4B-3A0525C4C427} = {E03F6E83-4F71-44F3-9175-F209B95632E1}
		{43CCC893-0F45-4FA6-8A2B-D80703A6EDF4} = {E03F6E83-4F71-44F3-9175-F209B95632E1}
		{2BD8B5F7-1CEB-4C7D-B93E-2C1D435F57F0} = {E03F6E83-4F71-44F3-9175-F209B95632E1}
		{62B07D96-21DA-43F6-832D-933CD9629A0E} = {E03F6E83-4F71-44F3-9175-F209B95632E1}
		{DBAAD7A7-AA8B-4738-A3D8-EA7E4B200999} = {E03F6E83-4F71-44F3-9175-F209B95632E1}
		{EAB33457-8617-46A1-845B-B7A5D763FF27} = {E03F6E83-4F71-44F3-9175-F209B95632E1}
		{EF52F67C-0391-4D99-94CB-FAB84DC1F0A6} = {E03F6E83-4F71-44F3-9175-F209B95632E1}
		{204695DB-340A-46C7-8B65-B3E88CA23CF9} = {E03F6E83-4F71-44F3-9175-F209B95632E1}
		{F645B0AA-144A-4D11-9ED8-2593262CA8D4} = {E03F6E83-4F71-44F3-9175-F209B95632E1}
		{FE88765F-48CE-4CB7-9A79-4F0764643B8D} = {EC92E8DC-4DCA-471F-A674-06005EBA2D3F}
		{8F6EBB93-FAD5-4A3F-8E33-CB82FDF6FADF} = {FE88765F-48CE-4CB7-9A79-4F0764643B8D}
		{D27E5F8E-044C-46C8-B48E-ED6C16CF1908} = {FE88765F-48CE-4CB7-9A79-4F0764643B8D}
		{22930141-EF8B-4C38-A025-78D34C3E1075} = {FE88765F-48CE-4CB7-9A79-4F0764643B8D}
		{C09F3D9F-501B-4A34-9D4B-67DCE9311286} = {FE88765F-48CE-4CB7-9A79-4F0764643B8D}
		{E7EFB365-15BB-47CF-A5FA-CE1D66F449BA} = {45107E7A-53B9-443D-A17A-763F6DDBE5B8}
		{9B86D9EC-DBBC-4493-AB42-D8CCC9E3F153} = {E7EFB365-15BB-47CF-A5FA-CE1D66F449BA}
		{D2B3C50B-AE59-485F-9B68-AD476B3557C3} = {9B86D9EC-DBBC-4493-AB42-D8CCC9E3F153}
		{A89903F2-435C-4725-8A92-C4B96B10737F} = {9B86D9EC-DBBC-4493-AB42-D8CCC9E3F153}
		{2959D5D3-4F65-4497-A6DF-989BB07F7BAB} = {9B86D9EC-DBBC-4493-AB42-D8CCC9E3F153}
		{25AF50E2-17CD-48A8-AF7D-DCCB930B6BBC} = {E7EFB365-15BB-47CF-A5FA-CE1D66F449BA}
		{35AF4D31-C520-4DED-9096-054FAA8C552C} = {25AF50E2-17CD-48A8-AF7D-DCCB930B6BBC}
		{CED4276E-EF7A-4533-8C75-FFAFF8A9EE47} = {25AF50E2-17CD-48A8-AF7D-DCCB930B6BBC}
		{B8D50399-B7C1-4E7F-9BE0-0107A84856DC} = {25AF50E2-17CD-48A8-AF7D-DCCB930B6BBC}
		{A7BF0519-7679-4AB6-99DE-DAF2353366CF} = {834DCCAC-320C-473C-BFB3-CFAA4D30A3A2}
		{3F71C329-3A8B-4877-A13A-0EB67D39A90C} = {E03F6E83-4F71-44F3-9175-F209B95632E1}
		{1F9E15A5-0886-4097-A497-4C031332725A} = {E03F6E83-4F71-44F3-9175-F209B95632E1}
		{AA6A7076-E833-40C2-9AF6-695ACB7DB3E3} = {E03F6E83-4F71-44F3-9175-F209B95632E1}
		{0D32D1E7-534D-4483-B26C-F76BB3349336} = {45107E7A-53B9-443D-A17A-763F6DDBE5B8}
		{587862C1-CFA6-4C0F-9072-1898A3AD4AA8} = {0D32D1E7-534D-4483-B26C-F76BB3349336}
		{D69C4788-4DD5-4CF5-853F-A7244E8B9985} = {0D32D1E7-534D-4483-B26C-F76BB3349336}
		{A1C0094C-AA08-4645-8945-752CBBAC03E4} = {D69C4788-4DD5-4CF5-853F-A7244E8B9985}
		{8B955268-B5C3-429A-9C1D-E6FE15E7935A} = {587862C1-CFA6-4C0F-9072-1898A3AD4AA8}
		{6933A7A9-90F9-4CE4-9BD1-7CC0F4DA50D1} = {587862C1-CFA6-4C0F-9072-1898A3AD4AA8}
		{842B30A9-2467-4AA9-9484-0F7E98607CCB} = {587862C1-CFA6-4C0F-9072-1898A3AD4AA8}
		{0255FEFB-031C-4F26-8669-5D108FB457BB} = {968C4D23-FD61-4CD7-A4D0-845BE652B4F4}
		{D038A9E6-4E7D-4529-AF0E-98A080079ABE} = {834DCCAC-320C-473C-BFB3-CFAA4D30A3A2}
	EndGlobalSection
EndGlobal
